// !$*UTF8*$!
{
	archiveVersion = 1;
	classes = {
	};
	objectVersion = 39;
	objects = {
		014CEA460018CE2711CA2923 = {
			buildSettings = {
				COPY_PHASE_STRIP = NO;
				DEBUGGING_SYMBOLS = YES;
				GCC_DYNAMIC_NO_PIC = NO;
				GCC_ENABLE_FIX_AND_CONTINUE = YES;
				GCC_GENERATE_DEBUGGING_SYMBOLS = YES;
				GCC_OPTIMIZATION_LEVEL = 0;
				OPTIMIZATION_CFLAGS = "-O0";
				ZERO_LINK = YES;
			};
			isa = PBXBuildStyle;
			name = Development;
		};
		014CEA470018CE2711CA2923 = {
			buildSettings = {
				COPY_PHASE_STRIP = YES;
				GCC_ENABLE_FIX_AND_CONTINUE = NO;
				ZERO_LINK = NO;
			};
			isa = PBXBuildStyle;
			name = Deployment;
		};
//010
//011
//012
//013
//014
//020
//021
//022
//023
//024
		0249A662FF388D9811CA2CEA = {
			children = (
				0249A663FF388D9811CA2CEA,
			);
			isa = PBXGroup;
			name = "External Frameworks and Libraries";
			refType = 4;
			sourceTree = "<group>";
		};
		0249A663FF388D9811CA2CEA = {
			isa = PBXFileReference;
			lastKnownFileType = archive.ar;
			name = "libstdc++.a";
			path = "/usr/lib/libstdc++.a";
			refType = 0;
			sourceTree = "<absolute>";
		};
//020
//021
//022
//023
//024
//080
//081
//082
//083
//084
		08FB7793FE84155DC02AAC07 = {
			buildSettings = {
			};
			buildStyles = (
				014CEA460018CE2711CA2923,
				014CEA470018CE2711CA2923,
			);
			hasScannedForEncodings = 1;
			isa = PBXProject;
			mainGroup = 08FB7794FE84155DC02AAC07;
			projectDirPath = "";
			targets = (
				1FC7AA2306A00A5C00954BD2,
				1FADF82607721BF5007DC910,
				1FAC5D9407BE25410083A3E5,
				1F5E729B07E632E0006FAA8F,
			);
		};
		08FB7794FE84155DC02AAC07 = {
			children = (
				1FCCD02B079F209C0069EDB7,
				08FB7795FE84155DC02AAC07,
				C6859E8C029090F304C91782,
				0249A662FF388D9811CA2CEA,
				1AB674ADFE9D54B511CA2CBB,
			);
			isa = PBXGroup;
			name = liquidMaya;
			refType = 4;
			sourceTree = "<group>";
		};
		08FB7795FE84155DC02AAC07 = {
			children = (
				1FAC5DDC07BE25D40083A3E5,
				1FADF85907724B94007DC910,
				1FADF85807724B8A007DC910,
				1FC7A9DD06A0016A00954BD2,
				1FD593F20794629900F9DE2C,
				1FC7A9E006A0016A00954BD2,
				1FC7A9E106A0016A00954BD2,
				1FC7A9E206A0016A00954BD2,
				1FC7A9E306A0016A00954BD2,
				1FC7A9E506A0016A00954BD2,
				1FC7A9E706A0016A00954BD2,
				1FC7A9E806A0016A00954BD2,
				1FC7A9E906A0016A00954BD2,
				1FC7A9EA06A0016A00954BD2,
				1FC7A9EB06A0016A00954BD2,
				1FC7A9EC06A0016A00954BD2,
				1FC7A9ED06A0016A00954BD2,
				1FC7A9EE06A0016A00954BD2,
				1FC7A9EF06A0016A00954BD2,
				1FC7A9F006A0016A00954BD2,
				1FC7A9F106A0016A00954BD2,
				1FC7A9F206A0016A00954BD2,
				1FC7A9F306A0016A00954BD2,
				1FC7A9F406A0016A00954BD2,
				1FC7A9F506A0016A00954BD2,
				1FC7A9F606A0016A00954BD2,
				1FC7A9F706A0016A00954BD2,
				1FC7A9F806A0016A00954BD2,
				1FC7A9F906A0016A00954BD2,
				1FC7A9FA06A0016A00954BD2,
				1F37447A07E6328F00CD9E3C,
				1FC7A9FB06A0016A00954BD2,
				1FF48EC5077A116B006AE147,
			);
			isa = PBXGroup;
			name = Source;
			refType = 4;
			sourceTree = "<group>";
		};
//080
//081
//082
//083
//084
//1A0
//1A1
//1A2
//1A3
//1A4
		1AB674ADFE9D54B511CA2CBB = {
			children = (
				1FC7AA2406A00A5C00954BD2,
				1FADF84C07721BF5007DC910,
				1FAC5DDB07BE25410083A3E5,
				1F5E729C07E632E0006FAA8F,
			);
			isa = PBXGroup;
			name = Products;
			refType = 4;
			sourceTree = "<group>";
		};
//1A0
//1A1
//1A2
//1A3
//1A4
//1F0
//1F1
//1F2
//1F3
//1F4
		1F074608087E561900EBD2F1 = {
			compilerSpec = com.apple.compilers.gcc;
			fileType = sourcecode.c;
			isEditable = 1;
			isa = PBXBuildRule;
			outputFiles = (
			);
		};
		1F074609087E561C00EBD2F1 = {
			compilerSpec = com.apple.compilers.gcc.3_3;
			fileType = sourcecode.cpp;
			isEditable = 1;
			isa = PBXBuildRule;
			outputFiles = (
			);
		};
		1F37447A07E6328F00CD9E3C = {
			fileEncoding = 30;
			isa = PBXFileReference;
			lastKnownFileType = sourcecode.cpp.cpp;
			path = liquidBin.cpp;
			refType = 4;
			sourceTree = "<group>";
		};
		1F592EA40864475700480658 = {
			fileRef = 1FC7A9FA06A0016A00954BD2;
			isa = PBXBuildFile;
			settings = {
			};
		};
		1F5E729907E632E0006FAA8F = {
			buildActionMask = 2147483647;
			files = (
				1F5E72A807E633DE006FAA8F,
				1F5E72A907E633DE006FAA8F,
				1F5E72AA07E633DE006FAA8F,
				1F5E72AB07E633DF006FAA8F,
				1F5E72AC07E633DF006FAA8F,
				1F5E72AD07E633E0006FAA8F,
				1F5E72AE07E633E0006FAA8F,
				1F5E72AF07E633E0006FAA8F,
				1F5E72B007E633E1006FAA8F,
				1F5E72B107E633E1006FAA8F,
				1F5E72B207E633E1006FAA8F,
				1F5E72B307E633E2006FAA8F,
				1F5E72B407E633E2006FAA8F,
				1F5E72B507E633E3006FAA8F,
				1F5E72B607E633E3006FAA8F,
				1F5E72B707E633E4006FAA8F,
				1F5E72B807E633E4006FAA8F,
				1F5E72B907E633E5006FAA8F,
				1F5E72BA07E633E5006FAA8F,
				1F5E72BB07E633E6006FAA8F,
				1F5E72BC07E633E7006FAA8F,
				1F5E72BD07E633E7006FAA8F,
				1F5E72BE07E633E9006FAA8F,
				1F5E72BF07E633EA006FAA8F,
				1F5E72C007E633EA006FAA8F,
				1F5E72C107E633EB006FAA8F,
				1F5E72C407E633F4006FAA8F,
				1F5E72C507E633F7006FAA8F,
				1F5E72C607E633F8006FAA8F,
			);
			isa = PBXSourcesBuildPhase;
			runOnlyForDeploymentPostprocessing = 0;
		};
		1F5E729A07E632E0006FAA8F = {
			buildActionMask = 2147483647;
			files = (
				1F5E72C307E633F0006FAA8F,
			);
			isa = PBXFrameworksBuildPhase;
			runOnlyForDeploymentPostprocessing = 0;
		};
		1F5E729B07E632E0006FAA8F = {
			buildPhases = (
				1F5E729907E632E0006FAA8F,
				1F5E729A07E632E0006FAA8F,
				1F5E72D807E636BA006FAA8F,
			);
			buildRules = (
			);
			buildSettings = {
				GCC_PREFIX_HEADER = "$(MAYA_LOCATION)../../devkit/include/maya/OpenMayaMac.h";
				GCC_PREPROCESSOR_DEFINITIONS = "OSX MAC_PLUGIN OSMac_ _BOOL OSMac_MachO_ PIXIE LIQUIDVERSION='\"1.6.7\"' REQUIRE_IOSTREAM=1";
				HEADER_SEARCH_PATHS = "../include/ $(MAYA_LOCATION)../../devkit/include $(PIXIEHOME)/include /Users/geohar/Desktop/pixie/Pixie.1.4.1/src/";
				INSTALL_PATH = ../bin/OSX/;
				LIBRARY_SEARCH_PATHS = "\"$(PIXIEHOME)/lib\" \"$(MAYA_LOCATION)/MacOS\" \"$(SYSTEM_APPS_DIR)/Graphics/Pixie/lib\" \"$(SYSTEM_APPS_DIR)/Graphics/MacAqsis.0.9.1/lib\"";
				MAYA_LOCATION = /Applications/Alias/maya6.5/Maya.app/Contents/;
				OTHER_CFLAGS = "";
				OTHER_LDFLAGS = "-framework Carbon -lFoundation -lOpenMaya -lOpenMayaRender -lOpenMayaUI -lOpenMayaAnim -lOpenMayaFX -lAnimSlice -lDeformSlice -lDynSlice -lKinSlice -lModelSlice -lNurbsSlice -lPolySlice -lProjectSlice -lImage  -lShared  -lTranslators -lDataModel -lRenderModel -lNurbsEngine -lDependEngine -lCommandEngine -lFoundation -lAppVersion -lUrchinSlice -lAG -lGeometryEngine -lNurbs -lAnimEngine -lPolyEngine -lDeformSlice -lPoly -lDependCommand -lExtensionLayer -l3dGraphics -lSharedUI -lBase -lIMF -lxpcom -lnspr4 -lplds4 -lHWRender -lHWFoundation -lHWGL -lManips -lModelUISlice -lplc4 -lSubdivEngine -lSubdiv -lImageUI -lSubdivGeom -Wl,-executable_path,\"$(MAYA_LOCATION)\"";
				OTHER_REZFLAGS = "";
				PRODUCT_NAME = "liquidbin-pixie";
				SECTORDER_FLAGS = "";
				WARNING_CFLAGS = "-Wmost -Wno-four-char-constants -Wno-unknown-pragmas";
			};
			dependencies = (
			);
			isa = PBXNativeTarget;
			name = "liquidbin-pixie";
			productName = "liquidbin-pixie";
			productReference = 1F5E729C07E632E0006FAA8F;
			productType = "com.apple.product-type.tool";
		};
		1F5E729C07E632E0006FAA8F = {
			explicitFileType = "compiled.mach-o.executable";
			includeInIndex = 0;
			isa = PBXFileReference;
			path = "liquidbin-pixie";
			refType = 3;
			sourceTree = BUILT_PRODUCTS_DIR;
		};
		1F5E72A807E633DE006FAA8F = {
			fileRef = 1FC7A9F906A0016A00954BD2;
			isa = PBXBuildFile;
			settings = {
			};
		};
		1F5E72A907E633DE006FAA8F = {
			fileRef = 1FC7A9F806A0016A00954BD2;
			isa = PBXBuildFile;
			settings = {
			};
		};
		1F5E72AA07E633DE006FAA8F = {
			fileRef = 1FC7A9F706A0016A00954BD2;
			isa = PBXBuildFile;
			settings = {
			};
		};
		1F5E72AB07E633DF006FAA8F = {
			fileRef = 1FC7A9F606A0016A00954BD2;
			isa = PBXBuildFile;
			settings = {
			};
		};
		1F5E72AC07E633DF006FAA8F = {
			fileRef = 1FC7A9F506A0016A00954BD2;
			isa = PBXBuildFile;
			settings = {
			};
		};
		1F5E72AD07E633E0006FAA8F = {
			fileRef = 1FC7A9F406A0016A00954BD2;
			isa = PBXBuildFile;
			settings = {
			};
		};
		1F5E72AE07E633E0006FAA8F = {
			fileRef = 1FC7A9F306A0016A00954BD2;
			isa = PBXBuildFile;
			settings = {
			};
		};
		1F5E72AF07E633E0006FAA8F = {
			fileRef = 1FC7A9F206A0016A00954BD2;
			isa = PBXBuildFile;
			settings = {
			};
		};
		1F5E72B007E633E1006FAA8F = {
			fileRef = 1FC7A9F106A0016A00954BD2;
			isa = PBXBuildFile;
			settings = {
			};
		};
		1F5E72B107E633E1006FAA8F = {
			fileRef = 1FC7A9F006A0016A00954BD2;
			isa = PBXBuildFile;
			settings = {
			};
		};
		1F5E72B207E633E1006FAA8F = {
			fileRef = 1FC7A9EF06A0016A00954BD2;
			isa = PBXBuildFile;
			settings = {
			};
		};
		1F5E72B307E633E2006FAA8F = {
			fileRef = 1FC7A9EE06A0016A00954BD2;
			isa = PBXBuildFile;
			settings = {
			};
		};
		1F5E72B407E633E2006FAA8F = {
			fileRef = 1FC7A9ED06A0016A00954BD2;
			isa = PBXBuildFile;
			settings = {
			};
		};
		1F5E72B507E633E3006FAA8F = {
			fileRef = 1FC7A9EC06A0016A00954BD2;
			isa = PBXBuildFile;
			settings = {
			};
		};
		1F5E72B607E633E3006FAA8F = {
			fileRef = 1FC7A9EB06A0016A00954BD2;
			isa = PBXBuildFile;
			settings = {
			};
		};
		1F5E72B707E633E4006FAA8F = {
			fileRef = 1FC7A9E906A0016A00954BD2;
			isa = PBXBuildFile;
			settings = {
			};
		};
		1F5E72B807E633E4006FAA8F = {
			fileRef = 1FC7A9EA06A0016A00954BD2;
			isa = PBXBuildFile;
			settings = {
			};
		};
		1F5E72B907E633E5006FAA8F = {
			fileRef = 1FC7A9E806A0016A00954BD2;
			isa = PBXBuildFile;
			settings = {
			};
		};
		1F5E72BA07E633E5006FAA8F = {
			fileRef = 1FC7A9E706A0016A00954BD2;
			isa = PBXBuildFile;
			settings = {
			};
		};
		1F5E72BB07E633E6006FAA8F = {
			fileRef = 1FC7A9E306A0016A00954BD2;
			isa = PBXBuildFile;
			settings = {
			};
		};
		1F5E72BC07E633E7006FAA8F = {
			fileRef = 1FC7A9E506A0016A00954BD2;
			isa = PBXBuildFile;
			settings = {
			};
		};
		1F5E72BD07E633E7006FAA8F = {
			fileRef = 1FC7A9E206A0016A00954BD2;
			isa = PBXBuildFile;
			settings = {
			};
		};
		1F5E72BE07E633E9006FAA8F = {
			fileRef = 1FC7A9E006A0016A00954BD2;
			isa = PBXBuildFile;
			settings = {
			};
		};
		1F5E72BF07E633EA006FAA8F = {
			fileRef = 1FC7A9DD06A0016A00954BD2;
			isa = PBXBuildFile;
			settings = {
			};
		};
		1F5E72C007E633EA006FAA8F = {
			fileRef = 1FD593F20794629900F9DE2C;
			isa = PBXBuildFile;
			settings = {
			};
		};
		1F5E72C107E633EB006FAA8F = {
			fileRef = 1FC7A9E106A0016A00954BD2;
			isa = PBXBuildFile;
			settings = {
			};
		};
		1F5E72C307E633F0006FAA8F = {
			fileRef = 1FADF82007721B95007DC910;
			isa = PBXBuildFile;
			settings = {
			};
		};
		1F5E72C407E633F4006FAA8F = {
			fileRef = 1F37447A07E6328F00CD9E3C;
			isa = PBXBuildFile;
			settings = {
			};
		};
		1F5E72C507E633F7006FAA8F = {
			fileRef = 1FC7A9FB06A0016A00954BD2;
			isa = PBXBuildFile;
			settings = {
			};
		};
		1F5E72C607E633F8006FAA8F = {
			fileRef = 1FF48EC5077A116B006AE147;
			isa = PBXBuildFile;
			settings = {
			};
		};
		1F5E72D807E636BA006FAA8F = {
			buildActionMask = 2147483647;
			files = (
			);
			inputPaths = (
			);
			isa = PBXShellScriptBuildPhase;
			outputPaths = (
				"liquidbin-pixie",
			);
			runOnlyForDeploymentPostprocessing = 0;
			shellPath = /bin/sh;
			shellScript = "mkdir -p ../bin/OSX/\ncp build/liquidbin-pixie ../bin/OSX/liquidbin-pixie";
		};
		1F96851A0864455D0054B6CE = {
			compilerSpec = com.apple.compilers.gcc.3_3;
			fileType = sourcecode.c;
			isEditable = 1;
			isa = PBXBuildRule;
			outputFiles = (
			);
		};
		1F96851B086445620054B6CE = {
			compilerSpec = com.apple.compilers.gcc.3_3;
			fileType = sourcecode.cpp;
			isEditable = 1;
			isa = PBXBuildRule;
			outputFiles = (
			);
		};
		1FAC5D9407BE25410083A3E5 = {
			buildPhases = (
				1FAC5D9507BE25410083A3E5,
				1FAC5DBA07BE25410083A3E5,
				1FAC5DD807BE25410083A3E5,
				1FAC5DDA07BE25410083A3E5,
			);
			buildRules = (
				1F074609087E561C00EBD2F1,
				1F074608087E561900EBD2F1,
			);
			buildSettings = {
				DELIGHT = "/Applications/Graphics/3Delight-4.0.1";
				DYLIB_COMPATIBILITY_VERSION = 1;
				DYLIB_CURRENT_VERSION = 1;
				GCC_PRECOMPILE_PREFIX_HEADER = YES;
				GCC_PREFIX_HEADER = "$(MAYA_LOCATION)../../devkit/include/maya/OpenMayaMac.h";
				GCC_PREPROCESSOR_DEFINITIONS = "OSX MAC_PLUGIN OSMac_ _BOOL OSMac_MachO_ DELIGHT LIQUIDVERSION='\"1.6.7\"' REQUIRE_IOSTREAM=1";
				GCC_WARN_FOUR_CHARACTER_CONSTANTS = NO;
				GCC_WARN_UNKNOWN_PRAGMAS = NO;
				HEADER_SEARCH_PATHS = "../include/ $(MAYA_LOCATION)../../devkit/include $(DELIGHT)/include";
				INSTALL_PATH = ../bin/OSX/;
				LIBRARY_SEARCH_PATHS = "\"$(DELIGHT)/lib\" \"$(MAYA_LOCATION)/MacOS\" \"$(SYSTEM_APPS_DIR)/Graphics/3Delight-4.0.1/lib\"";
				LIBRARY_STYLE = DYNAMIC;
				MAYA_LOCATION = /Applications/Alias/maya6.5/Maya.app/Contents/;
				OTHER_CFLAGS = "";
				OTHER_LDFLAGS = "-framework Carbon -lFoundation -lOpenMaya -lOpenMayaRender -lOpenMayaUI -lOpenMayaAnim -lOpenMayaFX -lAnimSlice -lDeformSlice -lDynSlice -lKinSlice -lModelSlice -lNurbsSlice -lPolySlice -lProjectSlice -lImage  -lShared  -lTranslators -lDataModel -lRenderModel -lNurbsEngine -lDependEngine -lCommandEngine -lFoundation -lAppVersion -lUrchinSlice -lAG -lGeometryEngine -lNurbs -lAnimEngine -lPolyEngine -lDeformSlice -lPoly -lDependCommand -lExtensionLayer -l3dGraphics -lSharedUI -lBase -lIMF -lxpcom -lnspr4 -lplds4 -lHWRender -lHWFoundation -lHWGL -lManips -lModelUISlice -lplc4 -lSubdivEngine -lSubdiv -lImageUI -lSubdivGeom -Wl,-executable_path,\"$(MAYA_LOCATION)\"";
				OTHER_REZFLAGS = "";
				PREBINDING = YES;
				PRODUCT_NAME = liquid_3delight.lib;
				REZ_EXECUTABLE = YES;
				SECTORDER_FLAGS = "";
				WARNING_CFLAGS = "-Wmost";
			};
			dependencies = (
			);
			isa = PBXNativeTarget;
			name = "liquid-3Delight";
			productName = liquid;
			productReference = 1FAC5DDB07BE25410083A3E5;
			productType = "com.apple.product-type.library.dynamic";
		};
		1FAC5D9507BE25410083A3E5 = {
			buildActionMask = 2147483647;
			files = (
				1FAC5D9607BE25410083A3E5,
				1FAC5D9707BE25410083A3E5,
				1FAC5D9807BE25410083A3E5,
				1FAC5D9907BE25410083A3E5,
				1FAC5D9A07BE25410083A3E5,
				1FAC5D9B07BE25410083A3E5,
				1FAC5D9C07BE25410083A3E5,
				1FAC5D9D07BE25410083A3E5,
				1FAC5D9E07BE25410083A3E5,
				1FAC5D9F07BE25410083A3E5,
				1FAC5DA007BE25410083A3E5,
				1FAC5DA107BE25410083A3E5,
				1FAC5DA207BE25410083A3E5,
				1FAC5DA307BE25410083A3E5,
				1FAC5DA407BE25410083A3E5,
				1FAC5DA507BE25410083A3E5,
				1FAC5DA607BE25410083A3E5,
				1FAC5DA707BE25410083A3E5,
				1FAC5DA807BE25410083A3E5,
				1FAC5DA907BE25410083A3E5,
				1FAC5DAA07BE25410083A3E5,
				1FAC5DAB07BE25410083A3E5,
				1FAC5DAC07BE25410083A3E5,
				1FAC5DAD07BE25410083A3E5,
				1FAC5DAE07BE25410083A3E5,
				1FAC5DAF07BE25410083A3E5,
				1FAC5DB007BE25410083A3E5,
				1FAC5DB107BE25410083A3E5,
				1FAC5DB207BE25410083A3E5,
				1FAC5DB307BE25410083A3E5,
				1FAC5DB407BE25410083A3E5,
				1FAC5DB507BE25410083A3E5,
				1FAC5DB607BE25410083A3E5,
				1FAC5DB707BE25410083A3E5,
				1FAC5DB807BE25410083A3E5,
				1FAC5DB907BE25410083A3E5,
			);
			isa = PBXHeadersBuildPhase;
			runOnlyForDeploymentPostprocessing = 0;
		};
		1FAC5D9607BE25410083A3E5 = {
			fileRef = 1FCCD02C079F20B70069EDB7;
			isa = PBXBuildFile;
			settings = {
			};
		};
		1FAC5D9707BE25410083A3E5 = {
			fileRef = 1FCCD02D079F20B70069EDB7;
			isa = PBXBuildFile;
			settings = {
			};
		};
		1FAC5D9807BE25410083A3E5 = {
			fileRef = 1FCCD02E079F20B70069EDB7;
			isa = PBXBuildFile;
			settings = {
			};
		};
		1FAC5D9907BE25410083A3E5 = {
			fileRef = 1FCCD02F079F20B70069EDB7;
			isa = PBXBuildFile;
			settings = {
			};
		};
		1FAC5D9A07BE25410083A3E5 = {
			fileRef = 1FCCD030079F20B70069EDB7;
			isa = PBXBuildFile;
			settings = {
			};
		};
		1FAC5D9B07BE25410083A3E5 = {
			fileRef = 1FCCD031079F20B70069EDB7;
			isa = PBXBuildFile;
			settings = {
			};
		};
		1FAC5D9C07BE25410083A3E5 = {
			fileRef = 1FCCD032079F20B70069EDB7;
			isa = PBXBuildFile;
			settings = {
			};
		};
		1FAC5D9D07BE25410083A3E5 = {
			fileRef = 1FCCD033079F20B70069EDB7;
			isa = PBXBuildFile;
			settings = {
			};
		};
		1FAC5D9E07BE25410083A3E5 = {
			fileRef = 1FCCD034079F20B70069EDB7;
			isa = PBXBuildFile;
			settings = {
			};
		};
		1FAC5D9F07BE25410083A3E5 = {
			fileRef = 1FCCD035079F20B70069EDB7;
			isa = PBXBuildFile;
			settings = {
			};
		};
		1FAC5DA007BE25410083A3E5 = {
			fileRef = 1FCCD036079F20B70069EDB7;
			isa = PBXBuildFile;
			settings = {
			};
		};
		1FAC5DA107BE25410083A3E5 = {
			fileRef = 1FCCD037079F20B70069EDB7;
			isa = PBXBuildFile;
			settings = {
			};
		};
		1FAC5DA207BE25410083A3E5 = {
			fileRef = 1FCCD038079F20B70069EDB7;
			isa = PBXBuildFile;
			settings = {
			};
		};
		1FAC5DA307BE25410083A3E5 = {
			fileRef = 1FCCD039079F20B70069EDB7;
			isa = PBXBuildFile;
			settings = {
			};
		};
		1FAC5DA407BE25410083A3E5 = {
			fileRef = 1FCCD03A079F20B70069EDB7;
			isa = PBXBuildFile;
			settings = {
			};
		};
		1FAC5DA507BE25410083A3E5 = {
			fileRef = 1FCCD03B079F20B70069EDB7;
			isa = PBXBuildFile;
			settings = {
			};
		};
		1FAC5DA607BE25410083A3E5 = {
			fileRef = 1FCCD03C079F20B70069EDB7;
			isa = PBXBuildFile;
			settings = {
			};
		};
		1FAC5DA707BE25410083A3E5 = {
			fileRef = 1FCCD03D079F20B70069EDB7;
			isa = PBXBuildFile;
			settings = {
			};
		};
		1FAC5DA807BE25410083A3E5 = {
			fileRef = 1FCCD03E079F20B70069EDB7;
			isa = PBXBuildFile;
			settings = {
			};
		};
		1FAC5DA907BE25410083A3E5 = {
			fileRef = 1FCCD03F079F20B70069EDB7;
			isa = PBXBuildFile;
			settings = {
			};
		};
		1FAC5DAA07BE25410083A3E5 = {
			fileRef = 1FCCD040079F20B70069EDB7;
			isa = PBXBuildFile;
			settings = {
			};
		};
		1FAC5DAB07BE25410083A3E5 = {
			fileRef = 1FCCD041079F20B70069EDB7;
			isa = PBXBuildFile;
			settings = {
			};
		};
		1FAC5DAC07BE25410083A3E5 = {
			fileRef = 1FCCD042079F20B70069EDB7;
			isa = PBXBuildFile;
			settings = {
			};
		};
		1FAC5DAD07BE25410083A3E5 = {
			fileRef = 1FCCD043079F20B70069EDB7;
			isa = PBXBuildFile;
			settings = {
			};
		};
		1FAC5DAE07BE25410083A3E5 = {
			fileRef = 1FCCD044079F20B70069EDB7;
			isa = PBXBuildFile;
			settings = {
			};
		};
		1FAC5DAF07BE25410083A3E5 = {
			fileRef = 1FCCD045079F20B70069EDB7;
			isa = PBXBuildFile;
			settings = {
			};
		};
		1FAC5DB007BE25410083A3E5 = {
			fileRef = 1FCCD046079F20B70069EDB7;
			isa = PBXBuildFile;
			settings = {
			};
		};
		1FAC5DB107BE25410083A3E5 = {
			fileRef = 1FCCD047079F20B70069EDB7;
			isa = PBXBuildFile;
			settings = {
			};
		};
		1FAC5DB207BE25410083A3E5 = {
			fileRef = 1FCCD048079F20B70069EDB7;
			isa = PBXBuildFile;
			settings = {
			};
		};
		1FAC5DB307BE25410083A3E5 = {
			fileRef = 1FCCD049079F20B70069EDB7;
			isa = PBXBuildFile;
			settings = {
			};
		};
		1FAC5DB407BE25410083A3E5 = {
			fileRef = 1FCCD04A079F20B70069EDB7;
			isa = PBXBuildFile;
			settings = {
			};
		};
		1FAC5DB507BE25410083A3E5 = {
			fileRef = 1FCCD04B079F20B70069EDB7;
			isa = PBXBuildFile;
			settings = {
			};
		};
		1FAC5DB607BE25410083A3E5 = {
			fileRef = 1FCCD04C079F20B70069EDB7;
			isa = PBXBuildFile;
			settings = {
			};
		};
		1FAC5DB707BE25410083A3E5 = {
			fileRef = 1FCCD04D079F20B70069EDB7;
			isa = PBXBuildFile;
			settings = {
			};
		};
		1FAC5DB807BE25410083A3E5 = {
			fileRef = 1FCCD04E079F20B70069EDB7;
			isa = PBXBuildFile;
			settings = {
			};
		};
		1FAC5DB907BE25410083A3E5 = {
			fileRef = 1FCCD04F079F20B70069EDB7;
			isa = PBXBuildFile;
			settings = {
			};
		};
		1FAC5DBA07BE25410083A3E5 = {
			buildActionMask = 2147483647;
			files = (
				1FAC5DBB07BE25410083A3E5,
				1FAC5DBC07BE25410083A3E5,
				1FAC5DBD07BE25410083A3E5,
				1FAC5DBE07BE25410083A3E5,
				1FAC5DBF07BE25410083A3E5,
				1FAC5DC007BE25410083A3E5,
				1FAC5DC107BE25410083A3E5,
				1FAC5DC207BE25410083A3E5,
				1FAC5DC307BE25410083A3E5,
				1FAC5DC407BE25410083A3E5,
				1FAC5DC507BE25410083A3E5,
				1FAC5DC607BE25410083A3E5,
				1FAC5DC707BE25410083A3E5,
				1FAC5DC807BE25410083A3E5,
				1FAC5DC907BE25410083A3E5,
				1FAC5DCA07BE25410083A3E5,
				1FAC5DCB07BE25410083A3E5,
				1FAC5DCC07BE25410083A3E5,
				1FAC5DCD07BE25410083A3E5,
				1FAC5DCE07BE25410083A3E5,
				1FAC5DCF07BE25410083A3E5,
				1FAC5DD007BE25410083A3E5,
				1FAC5DD107BE25410083A3E5,
				1FAC5DD207BE25410083A3E5,
				1FAC5DD307BE25410083A3E5,
				1FAC5DD407BE25410083A3E5,
				1FAC5DD507BE25410083A3E5,
				1FAC5DD707BE25410083A3E5,
			);
			isa = PBXSourcesBuildPhase;
			runOnlyForDeploymentPostprocessing = 0;
		};
		1FAC5DBB07BE25410083A3E5 = {
			fileRef = 1FC7A9DD06A0016A00954BD2;
			isa = PBXBuildFile;
			settings = {
			};
		};
		1FAC5DBC07BE25410083A3E5 = {
			fileRef = 1FC7A9E006A0016A00954BD2;
			isa = PBXBuildFile;
			settings = {
			};
		};
		1FAC5DBD07BE25410083A3E5 = {
			fileRef = 1FC7A9E106A0016A00954BD2;
			isa = PBXBuildFile;
			settings = {
			};
		};
		1FAC5DBE07BE25410083A3E5 = {
			fileRef = 1FC7A9E306A0016A00954BD2;
			isa = PBXBuildFile;
			settings = {
			};
		};
		1FAC5DBF07BE25410083A3E5 = {
			fileRef = 1FC7A9E506A0016A00954BD2;
			isa = PBXBuildFile;
			settings = {
			};
		};
		1FAC5DC007BE25410083A3E5 = {
			fileRef = 1FC7A9E206A0016A00954BD2;
			isa = PBXBuildFile;
			settings = {
			};
		};
		1FAC5DC107BE25410083A3E5 = {
			fileRef = 1FC7A9E706A0016A00954BD2;
			isa = PBXBuildFile;
			settings = {
			};
		};
		1FAC5DC207BE25410083A3E5 = {
			fileRef = 1FC7A9E806A0016A00954BD2;
			isa = PBXBuildFile;
			settings = {
			};
		};
		1FAC5DC307BE25410083A3E5 = {
			fileRef = 1FC7A9E906A0016A00954BD2;
			isa = PBXBuildFile;
			settings = {
			};
		};
		1FAC5DC407BE25410083A3E5 = {
			fileRef = 1FC7A9EA06A0016A00954BD2;
			isa = PBXBuildFile;
			settings = {
			};
		};
		1FAC5DC507BE25410083A3E5 = {
			fileRef = 1FC7A9EB06A0016A00954BD2;
			isa = PBXBuildFile;
			settings = {
			};
		};
		1FAC5DC607BE25410083A3E5 = {
			fileRef = 1FC7A9EC06A0016A00954BD2;
			isa = PBXBuildFile;
			settings = {
			};
		};
		1FAC5DC707BE25410083A3E5 = {
			fileRef = 1FC7A9ED06A0016A00954BD2;
			isa = PBXBuildFile;
			settings = {
			};
		};
		1FAC5DC807BE25410083A3E5 = {
			fileRef = 1FC7A9EE06A0016A00954BD2;
			isa = PBXBuildFile;
			settings = {
			};
		};
		1FAC5DC907BE25410083A3E5 = {
			fileRef = 1FC7A9EF06A0016A00954BD2;
			isa = PBXBuildFile;
			settings = {
			};
		};
		1FAC5DCA07BE25410083A3E5 = {
			fileRef = 1FC7A9F006A0016A00954BD2;
			isa = PBXBuildFile;
			settings = {
			};
		};
		1FAC5DCB07BE25410083A3E5 = {
			fileRef = 1FC7A9F106A0016A00954BD2;
			isa = PBXBuildFile;
			settings = {
			};
		};
		1FAC5DCC07BE25410083A3E5 = {
			fileRef = 1FC7A9F206A0016A00954BD2;
			isa = PBXBuildFile;
			settings = {
			};
		};
		1FAC5DCD07BE25410083A3E5 = {
			fileRef = 1FC7A9F306A0016A00954BD2;
			isa = PBXBuildFile;
			settings = {
			};
		};
		1FAC5DCE07BE25410083A3E5 = {
			fileRef = 1FC7A9F406A0016A00954BD2;
			isa = PBXBuildFile;
			settings = {
			};
		};
		1FAC5DCF07BE25410083A3E5 = {
			fileRef = 1FC7A9F506A0016A00954BD2;
			isa = PBXBuildFile;
			settings = {
			};
		};
		1FAC5DD007BE25410083A3E5 = {
			fileRef = 1FC7A9F606A0016A00954BD2;
			isa = PBXBuildFile;
			settings = {
			};
		};
		1FAC5DD107BE25410083A3E5 = {
			fileRef = 1FC7A9F706A0016A00954BD2;
			isa = PBXBuildFile;
			settings = {
			};
		};
		1FAC5DD207BE25410083A3E5 = {
			fileRef = 1FC7A9F806A0016A00954BD2;
			isa = PBXBuildFile;
			settings = {
			};
		};
		1FAC5DD307BE25410083A3E5 = {
			fileRef = 1FC7A9F906A0016A00954BD2;
			isa = PBXBuildFile;
			settings = {
			};
		};
		1FAC5DD407BE25410083A3E5 = {
			fileRef = 1FC7A9FA06A0016A00954BD2;
			isa = PBXBuildFile;
			settings = {
			};
		};
		1FAC5DD507BE25410083A3E5 = {
			fileRef = 1FC7A9FB06A0016A00954BD2;
			isa = PBXBuildFile;
			settings = {
			};
		};
		1FAC5DD707BE25410083A3E5 = {
			fileRef = 1FD593F20794629900F9DE2C;
			isa = PBXBuildFile;
			settings = {
			};
		};
		1FAC5DD807BE25410083A3E5 = {
			buildActionMask = 2147483647;
			files = (
				1FAC5DE007BE25F80083A3E5,
			);
			isa = PBXFrameworksBuildPhase;
			runOnlyForDeploymentPostprocessing = 0;
		};
		1FAC5DDA07BE25410083A3E5 = {
			buildActionMask = 2147483647;
			files = (
			);
			inputPaths = (
				"",
			);
			isa = PBXShellScriptBuildPhase;
			outputPaths = (
				liquid_3delight.lib,
			);
			runOnlyForDeploymentPostprocessing = 0;
			shellPath = /bin/sh;
			shellScript = "mkdir -p ../bin/OSX/\ncp build/liquid_3delight.lib.dylib ../bin/OSX/liquid_3delight.lib";
		};
		1FAC5DDB07BE25410083A3E5 = {
			explicitFileType = "compiled.mach-o.dylib";
			includeInIndex = 0;
			isa = PBXFileReference;
			path = liquid_3delight.lib.dylib;
			refType = 3;
			sourceTree = BUILT_PRODUCTS_DIR;
		};
		1FAC5DDC07BE25D40083A3E5 = {
			children = (
				1FAC5DDF07BE25F80083A3E5,
			);
			isa = PBXGroup;
			name = 3Delight;
			refType = 4;
			sourceTree = "<group>";
		};
		1FAC5DDF07BE25F80083A3E5 = {
			isa = PBXFileReference;
			lastKnownFileType = "compiled.mach-o.dylib";
			name = lib3delight.dylib;
			path = "/Applications/Graphics/3Delight-4.0.1/lib/lib3delight.dylib";
			refType = 0;
			sourceTree = "<absolute>";
		};
		1FAC5DE007BE25F80083A3E5 = {
			fileRef = 1FAC5DDF07BE25F80083A3E5;
			isa = PBXBuildFile;
			settings = {
			};
		};
		1FADF82007721B95007DC910 = {
			isa = PBXFileReference;
			lastKnownFileType = archive.ar;
			name = libri.a;
			path = /Applications/Graphics/Pixie/lib/libri.a;
			refType = 0;
			sourceTree = "<absolute>";
		};
		1FADF82107721B95007DC910 = {
			fileRef = 1FADF82007721B95007DC910;
			isa = PBXBuildFile;
			settings = {
			};
		};
		1FADF82607721BF5007DC910 = {
			buildPhases = (
				1FADF82707721BF5007DC910,
				1FADF82807721BF5007DC910,
				1FADF84907721BF5007DC910,
				1FADF84B07721BF5007DC910,
			);
			buildRules = (
			);
			buildSettings = {
				AQSIS = /Applications/Graphics/MacAqsis.0.9.1;
				DYLIB_COMPATIBILITY_VERSION = 1;
				DYLIB_CURRENT_VERSION = 1;
				GCC_GENERATE_DEBUGGING_SYMBOLS = YES;
				GCC_PRECOMPILE_PREFIX_HEADER = YES;
				GCC_PREFIX_HEADER = "$(MAYA_LOCATION)../../devkit/include/maya/OpenMayaMac.h";
				GCC_PREPROCESSOR_DEFINITIONS = "OSX MAC_PLUGIN OSMac_ _BOOL OSMac_MachO_ AQSIS LIQUIDVERSION='\"1.6.7\"' REQUIRE_IOSTREAM=1";
				GCC_WARN_FOUR_CHARACTER_CONSTANTS = NO;
				GCC_WARN_UNKNOWN_PRAGMAS = NO;
				HEADER_SEARCH_PATHS = "../include/ $(MAYA_LOCATION)../../devkit/include $(AQSIS)/include/aqsis/";
				INSTALL_PATH = ../bin/OSX/;
				LIBRARY_SEARCH_PATHS = "$(AQSIS)/lib \"$(MAYA_LOCATION)/MacOS\" \"$(SYSTEM_APPS_DIR)/Graphics/Pixie/lib\" \"$(SYSTEM_APPS_DIR)/Graphics/MacAqsis.0.9.1/lib\" /Users/geohar/Development/SVN_Sandbox/LiquidMaya/src";
				LIBRARY_STYLE = DYNAMIC;
				MAYA_LOCATION = /Applications/Alias/maya6.5/Maya.app/Contents/;
				OTHER_CFLAGS = "";
				OTHER_LDFLAGS = "-framework Carbon -lFoundation -lOpenMaya -lOpenMayaRender -lOpenMayaUI -lOpenMayaAnim -lOpenMayaFX -lAnimSlice -lDeformSlice -lDynSlice -lKinSlice -lModelSlice -lNurbsSlice -lPolySlice -lProjectSlice -lImage  -lShared  -lTranslators -lDataModel -lRenderModel -lNurbsEngine -lDependEngine -lCommandEngine -lFoundation -lAppVersion -lUrchinSlice -lAG -lGeometryEngine -lNurbs -lAnimEngine -lPolyEngine -lDeformSlice -lPoly -lDependCommand -lExtensionLayer -l3dGraphics -lSharedUI -lBase -lIMF -lxpcom -lnspr4 -lplds4 -lHWRender -lHWFoundation -lHWGL -lManips -lModelUISlice -lplc4 -lSubdivEngine -lSubdiv -lImageUI -lSubdivGeom -Wl,-executable_path,\"$(MAYA_LOCATION)\"";
				OTHER_REZFLAGS = "";
				PRODUCT_NAME = liquid_aqsis.lib;
				REZ_EXECUTABLE = YES;
				SECTORDER_FLAGS = "";
				WARNING_CFLAGS = "-Wmost";
				ZERO_LINK = NO;
			};
			dependencies = (
			);
			isa = PBXNativeTarget;
			name = "liquid-aqsis";
			productName = liquid;
			productReference = 1FADF84C07721BF5007DC910;
			productType = "com.apple.product-type.library.dynamic";
		};
		1FADF82707721BF5007DC910 = {
			buildActionMask = 2147483647;
			files = (
				1FCCD074079F20B70069EDB7,
				1FCCD075079F20B70069EDB7,
				1FCCD076079F20B70069EDB7,
				1FCCD077079F20B70069EDB7,
				1FCCD078079F20B70069EDB7,
				1FCCD079079F20B70069EDB7,
				1FCCD07A079F20B70069EDB7,
				1FCCD07B079F20B70069EDB7,
				1FCCD07C079F20B70069EDB7,
				1FCCD07D079F20B70069EDB7,
				1FCCD07E079F20B70069EDB7,
				1FCCD07F079F20B70069EDB7,
				1FCCD080079F20B70069EDB7,
				1FCCD081079F20B70069EDB7,
				1FCCD082079F20B70069EDB7,
				1FCCD083079F20B70069EDB7,
				1FCCD084079F20B70069EDB7,
				1FCCD085079F20B70069EDB7,
				1FCCD086079F20B70069EDB7,
				1FCCD087079F20B70069EDB7,
				1FCCD088079F20B70069EDB7,
				1FCCD089079F20B70069EDB7,
				1FCCD08A079F20B70069EDB7,
				1FCCD08B079F20B70069EDB7,
				1FCCD08C079F20B70069EDB7,
				1FCCD08D079F20B70069EDB7,
				1FCCD08E079F20B70069EDB7,
				1FCCD08F079F20B70069EDB7,
				1FCCD090079F20B70069EDB7,
				1FCCD091079F20B70069EDB7,
				1FCCD092079F20B70069EDB7,
				1FCCD093079F20B70069EDB7,
				1FCCD094079F20B70069EDB7,
				1FCCD095079F20B70069EDB7,
				1FCCD096079F20B70069EDB7,
				1FCCD097079F20B70069EDB7,
			);
			isa = PBXHeadersBuildPhase;
			runOnlyForDeploymentPostprocessing = 0;
		};
		1FADF82807721BF5007DC910 = {
			buildActionMask = 2147483647;
			files = (
				1FADF82A07721BF5007DC910,
				1FADF82D07721BF5007DC910,
				1FADF82E07721BF5007DC910,
				1FADF82F07721BF5007DC910,
				1FADF83107721BF5007DC910,
				1FADF83307721BF5007DC910,
				1FADF83407721BF5007DC910,
				1FADF83507721BF5007DC910,
				1FADF83607721BF5007DC910,
				1FADF83707721BF5007DC910,
				1FADF83807721BF5007DC910,
				1FADF83907721BF5007DC910,
				1FADF83A07721BF5007DC910,
				1FADF83B07721BF5007DC910,
				1FADF83C07721BF5007DC910,
				1FADF83D07721BF5007DC910,
				1FADF83E07721BF5007DC910,
				1FADF83F07721BF5007DC910,
				1FADF84007721BF5007DC910,
				1FADF84107721BF5007DC910,
				1FADF84207721BF5007DC910,
				1FADF84307721BF5007DC910,
				1FADF84407721BF5007DC910,
				1FADF84507721BF5007DC910,
				1FADF84607721BF5007DC910,
				1FADF84707721BF5007DC910,
				1FADF84807721BF5007DC910,
				1FD593F40794629900F9DE2C,
			);
			isa = PBXSourcesBuildPhase;
			runOnlyForDeploymentPostprocessing = 0;
		};
		1FADF82A07721BF5007DC910 = {
			fileRef = 1FC7A9DD06A0016A00954BD2;
			isa = PBXBuildFile;
			settings = {
			};
		};
		1FADF82D07721BF5007DC910 = {
			fileRef = 1FC7A9E006A0016A00954BD2;
			isa = PBXBuildFile;
			settings = {
			};
		};
		1FADF82E07721BF5007DC910 = {
			fileRef = 1FC7A9E106A0016A00954BD2;
			isa = PBXBuildFile;
			settings = {
			};
		};
		1FADF82F07721BF5007DC910 = {
			fileRef = 1FC7A9E306A0016A00954BD2;
			isa = PBXBuildFile;
			settings = {
			};
		};
		1FADF83107721BF5007DC910 = {
			fileRef = 1FC7A9E506A0016A00954BD2;
			isa = PBXBuildFile;
			settings = {
			};
		};
		1FADF83307721BF5007DC910 = {
			fileRef = 1FC7A9E206A0016A00954BD2;
			isa = PBXBuildFile;
			settings = {
			};
		};
		1FADF83407721BF5007DC910 = {
			fileRef = 1FC7A9E706A0016A00954BD2;
			isa = PBXBuildFile;
			settings = {
			};
		};
		1FADF83507721BF5007DC910 = {
			fileRef = 1FC7A9E806A0016A00954BD2;
			isa = PBXBuildFile;
			settings = {
			};
		};
		1FADF83607721BF5007DC910 = {
			fileRef = 1FC7A9E906A0016A00954BD2;
			isa = PBXBuildFile;
			settings = {
			};
		};
		1FADF83707721BF5007DC910 = {
			fileRef = 1FC7A9EA06A0016A00954BD2;
			isa = PBXBuildFile;
			settings = {
			};
		};
		1FADF83807721BF5007DC910 = {
			fileRef = 1FC7A9EB06A0016A00954BD2;
			isa = PBXBuildFile;
			settings = {
			};
		};
		1FADF83907721BF5007DC910 = {
			fileRef = 1FC7A9EC06A0016A00954BD2;
			isa = PBXBuildFile;
			settings = {
			};
		};
		1FADF83A07721BF5007DC910 = {
			fileRef = 1FC7A9ED06A0016A00954BD2;
			isa = PBXBuildFile;
			settings = {
			};
		};
		1FADF83B07721BF5007DC910 = {
			fileRef = 1FC7A9EE06A0016A00954BD2;
			isa = PBXBuildFile;
			settings = {
			};
		};
		1FADF83C07721BF5007DC910 = {
			fileRef = 1FC7A9EF06A0016A00954BD2;
			isa = PBXBuildFile;
			settings = {
			};
		};
		1FADF83D07721BF5007DC910 = {
			fileRef = 1FC7A9F006A0016A00954BD2;
			isa = PBXBuildFile;
			settings = {
			};
		};
		1FADF83E07721BF5007DC910 = {
			fileRef = 1FC7A9F106A0016A00954BD2;
			isa = PBXBuildFile;
			settings = {
			};
		};
		1FADF83F07721BF5007DC910 = {
			fileRef = 1FC7A9F206A0016A00954BD2;
			isa = PBXBuildFile;
			settings = {
			};
		};
		1FADF84007721BF5007DC910 = {
			fileRef = 1FC7A9F306A0016A00954BD2;
			isa = PBXBuildFile;
			settings = {
			};
		};
		1FADF84107721BF5007DC910 = {
			fileRef = 1FC7A9F406A0016A00954BD2;
			isa = PBXBuildFile;
			settings = {
			};
		};
		1FADF84207721BF5007DC910 = {
			fileRef = 1FC7A9F506A0016A00954BD2;
			isa = PBXBuildFile;
			settings = {
			};
		};
		1FADF84307721BF5007DC910 = {
			fileRef = 1FC7A9F606A0016A00954BD2;
			isa = PBXBuildFile;
			settings = {
			};
		};
		1FADF84407721BF5007DC910 = {
			fileRef = 1FC7A9F706A0016A00954BD2;
			isa = PBXBuildFile;
			settings = {
			};
		};
		1FADF84507721BF5007DC910 = {
			fileRef = 1FC7A9F806A0016A00954BD2;
			isa = PBXBuildFile;
			settings = {
			};
		};
		1FADF84607721BF5007DC910 = {
			fileRef = 1FC7A9F906A0016A00954BD2;
			isa = PBXBuildFile;
			settings = {
			};
		};
		1FADF84707721BF5007DC910 = {
			fileRef = 1FC7A9FA06A0016A00954BD2;
			isa = PBXBuildFile;
			settings = {
			};
		};
		1FADF84807721BF5007DC910 = {
			fileRef = 1FC7A9FB06A0016A00954BD2;
			isa = PBXBuildFile;
			settings = {
			};
		};
		1FADF84907721BF5007DC910 = {
			buildActionMask = 2147483647;
			files = (
				1FADF85307722221007DC910,
				1FADF85507724773007DC910,
				1FADF85707724B45007DC910,
				1FADF85B07724BC9007DC910,
				1FDCD16D078A094000E62CC1,
			);
			isa = PBXFrameworksBuildPhase;
			runOnlyForDeploymentPostprocessing = 0;
		};
		1FADF84B07721BF5007DC910 = {
			buildActionMask = 2147483647;
			files = (
			);
			inputPaths = (
				"",
			);
			isa = PBXShellScriptBuildPhase;
			outputPaths = (
				liquid_aqsis.lib,
			);
			runOnlyForDeploymentPostprocessing = 0;
			shellPath = /bin/sh;
			shellScript = "mkdir -p ../bin/OSX/\ncp build/liquid_aqsis.lib.dylib ../bin/OSX/liquid_aqsis.lib";
		};
		1FADF84C07721BF5007DC910 = {
			explicitFileType = "compiled.mach-o.dylib";
			includeInIndex = 0;
			isa = PBXFileReference;
			path = liquid_aqsis.lib.dylib;
			refType = 3;
			sourceTree = BUILT_PRODUCTS_DIR;
		};
		1FADF85207722221007DC910 = {
			isa = PBXFileReference;
			lastKnownFileType = "compiled.mach-o.dylib";
			name = libslxargs.dylib;
			path = /Applications/Graphics/MacAqsis.0.9.1/lib/libslxargs.0.dylib;
			refType = 0;
			sourceTree = "<absolute>";
		};
		1FADF85307722221007DC910 = {
			fileRef = 1FADF85207722221007DC910;
			isa = PBXBuildFile;
			settings = {
			};
		};
		1FADF85407724773007DC910 = {
			isa = PBXFileReference;
			lastKnownFileType = "compiled.mach-o.dylib";
			name = libri2rib.dylib;
			path = /Applications/Graphics/MacAqsis.0.9.1/lib/libri2rib.0.dylib;
			refType = 0;
			sourceTree = "<absolute>";
		};
		1FADF85507724773007DC910 = {
			fileRef = 1FADF85407724773007DC910;
			isa = PBXBuildFile;
			settings = {
			};
		};
		1FADF85607724B45007DC910 = {
			isa = PBXFileReference;
			lastKnownFileType = "compiled.mach-o.dylib";
			name = libshadervm.dylib;
			path = /Applications/Graphics/MacAqsis.0.9.1/lib/libshadervm.0.dylib;
			refType = 0;
			sourceTree = "<absolute>";
		};
		1FADF85707724B45007DC910 = {
			fileRef = 1FADF85607724B45007DC910;
			isa = PBXBuildFile;
			settings = {
			};
		};
		1FADF85807724B8A007DC910 = {
			children = (
				1FADF82007721B95007DC910,
			);
			isa = PBXGroup;
			name = Pixie;
			refType = 4;
			sourceTree = "<group>";
		};
		1FADF85907724B94007DC910 = {
			children = (
				1FADF85207722221007DC910,
				1FADF85607724B45007DC910,
				1FADF85407724773007DC910,
				1FDCD16C078A094000E62CC1,
				1FADF85A07724BC9007DC910,
			);
			isa = PBXGroup;
			name = Aqsis;
			refType = 4;
			sourceTree = "<group>";
		};
		1FADF85A07724BC9007DC910 = {
			isa = PBXFileReference;
			lastKnownFileType = "compiled.mach-o.dylib";
			name = libaqsistypes.dylib;
			path = /Applications/Graphics/MacAqsis.0.9.1/lib/libaqsistypes.dylib;
			refType = 0;
			sourceTree = "<absolute>";
		};
		1FADF85B07724BC9007DC910 = {
			fileRef = 1FADF85A07724BC9007DC910;
			isa = PBXBuildFile;
			settings = {
			};
		};
		1FC7A9DD06A0016A00954BD2 = {
			fileEncoding = 30;
			indentWidth = 2;
			isa = PBXFileReference;
			lastKnownFileType = sourcecode.cpp.cpp;
			lineEnding = 0;
			path = liqAttachPrefAttribute.cpp;
			refType = 2;
			sourceTree = SOURCE_ROOT;
			tabWidth = 2;
		};
		1FC7A9E006A0016A00954BD2 = {
			fileEncoding = 30;
			indentWidth = 2;
			isa = PBXFileReference;
			lastKnownFileType = sourcecode.cpp.cpp;
			lineEnding = 0;
			path = liqGetAttr.cpp;
			refType = 2;
			sourceTree = SOURCE_ROOT;
			tabWidth = 2;
		};
		1FC7A9E106A0016A00954BD2 = {
			fileEncoding = 30;
			indentWidth = 2;
			isa = PBXFileReference;
			lastKnownFileType = sourcecode.cpp.cpp;
			lineEnding = 0;
			path = liqGetSloInfo.cpp;
			refType = 2;
			sourceTree = SOURCE_ROOT;
			tabWidth = 2;
		};
		1FC7A9E206A0016A00954BD2 = {
			fileEncoding = 30;
			indentWidth = 2;
			isa = PBXFileReference;
			lastKnownFileType = sourcecode.cpp.cpp;
			lineEnding = 0;
			path = liqGlobalHelpers.cpp;
			refType = 2;
			sourceTree = SOURCE_ROOT;
			tabWidth = 2;
		};
		1FC7A9E306A0016A00954BD2 = {
			fileEncoding = 30;
			indentWidth = 2;
			isa = PBXFileReference;
			lastKnownFileType = sourcecode.cpp.cpp;
			lineEnding = 0;
			path = liqMemory.cpp;
			refType = 2;
			sourceTree = SOURCE_ROOT;
			tabWidth = 2;
		};
		1FC7A9E506A0016A00954BD2 = {
			fileEncoding = 30;
			indentWidth = 2;
			isa = PBXFileReference;
			lastKnownFileType = sourcecode.cpp.cpp;
			lineEnding = 0;
			path = liqPreviewShader.cpp;
			refType = 2;
			sourceTree = SOURCE_ROOT;
			tabWidth = 2;
		};
		1FC7A9E706A0016A00954BD2 = {
			fileEncoding = 30;
			indentWidth = 2;
			isa = PBXFileReference;
			lastKnownFileType = sourcecode.cpp.cpp;
			lineEnding = 0;
			path = liqProcessLauncher.cpp;
			refType = 2;
			sourceTree = SOURCE_ROOT;
			tabWidth = 2;
		};
		1FC7A9E806A0016A00954BD2 = {
			fileEncoding = 30;
			indentWidth = 2;
			isa = PBXFileReference;
			lastKnownFileType = sourcecode.cpp.cpp;
			lineEnding = 0;
			path = liqRenderer.cpp;
			refType = 2;
			sourceTree = SOURCE_ROOT;
			tabWidth = 2;
		};
		1FC7A9E906A0016A00954BD2 = {
			fileEncoding = 30;
			indentWidth = 2;
			isa = PBXFileReference;
			lastKnownFileType = sourcecode.cpp.cpp;
			lineEnding = 0;
			path = liqRibCoordData.cpp;
			refType = 2;
			sourceTree = SOURCE_ROOT;
			tabWidth = 2;
		};
		1FC7A9EA06A0016A00954BD2 = {
			fileEncoding = 30;
			indentWidth = 2;
			isa = PBXFileReference;
			lastKnownFileType = sourcecode.cpp.cpp;
			lineEnding = 0;
			path = liqRibData.cpp;
			refType = 2;
			sourceTree = SOURCE_ROOT;
			tabWidth = 2;
		};
		1FC7A9EB06A0016A00954BD2 = {
			fileEncoding = 30;
			indentWidth = 2;
			isa = PBXFileReference;
			lastKnownFileType = sourcecode.cpp.cpp;
			lineEnding = 0;
			path = liqRibGenData.cpp;
			refType = 2;
			sourceTree = SOURCE_ROOT;
			tabWidth = 2;
		};
		1FC7A9EC06A0016A00954BD2 = {
			fileEncoding = 30;
			indentWidth = 2;
			isa = PBXFileReference;
			lastKnownFileType = sourcecode.cpp.cpp;
			lineEnding = 0;
			path = liqRibHT.cpp;
			refType = 2;
			sourceTree = SOURCE_ROOT;
			tabWidth = 2;
		};
		1FC7A9ED06A0016A00954BD2 = {
			fileEncoding = 30;
			indentWidth = 2;
			isa = PBXFileReference;
			lastKnownFileType = sourcecode.cpp.cpp;
			lineEnding = 0;
			path = liqRibLightData.cpp;
			refType = 2;
			sourceTree = SOURCE_ROOT;
			tabWidth = 2;
		};
		1FC7A9EE06A0016A00954BD2 = {
			fileEncoding = 30;
			indentWidth = 2;
			isa = PBXFileReference;
			lastKnownFileType = sourcecode.cpp.cpp;
			lineEnding = 0;
			path = liqRibLocatorData.cpp;
			refType = 2;
			sourceTree = SOURCE_ROOT;
			tabWidth = 2;
		};
		1FC7A9EF06A0016A00954BD2 = {
			fileEncoding = 30;
			indentWidth = 2;
			isa = PBXFileReference;
			lastKnownFileType = sourcecode.cpp.cpp;
			lineEnding = 0;
			path = liqRibMayaSubdivisionData.cpp;
			refType = 2;
			sourceTree = SOURCE_ROOT;
			tabWidth = 2;
		};
		1FC7A9F006A0016A00954BD2 = {
			fileEncoding = 30;
			indentWidth = 2;
			isa = PBXFileReference;
			lastKnownFileType = sourcecode.cpp.cpp;
			lineEnding = 0;
			path = liqRibMeshData.cpp;
			refType = 2;
			sourceTree = SOURCE_ROOT;
			tabWidth = 2;
		};
		1FC7A9F106A0016A00954BD2 = {
			fileEncoding = 30;
			indentWidth = 2;
			isa = PBXFileReference;
			lastKnownFileType = sourcecode.cpp.cpp;
			lineEnding = 0;
			path = liqRibNode.cpp;
			refType = 2;
			sourceTree = SOURCE_ROOT;
			tabWidth = 2;
		};
		1FC7A9F206A0016A00954BD2 = {
			fileEncoding = 30;
			indentWidth = 2;
			isa = PBXFileReference;
			lastKnownFileType = sourcecode.cpp.cpp;
			lineEnding = 0;
			path = liqRibNuCurveData.cpp;
			refType = 2;
			sourceTree = SOURCE_ROOT;
			tabWidth = 2;
		};
		1FC7A9F306A0016A00954BD2 = {
			fileEncoding = 30;
			indentWidth = 2;
			isa = PBXFileReference;
			lastKnownFileType = sourcecode.cpp.cpp;
			lineEnding = 0;
			path = liqRibObj.cpp;
			refType = 2;
			sourceTree = SOURCE_ROOT;
			tabWidth = 2;
		};
		1FC7A9F406A0016A00954BD2 = {
			fileEncoding = 30;
			indentWidth = 2;
			isa = PBXFileReference;
			lastKnownFileType = sourcecode.cpp.cpp;
			lineEnding = 0;
			path = liqRibParticleData.cpp;
			refType = 2;
			sourceTree = SOURCE_ROOT;
			tabWidth = 2;
		};
		1FC7A9F506A0016A00954BD2 = {
			fileEncoding = 30;
			indentWidth = 2;
			isa = PBXFileReference;
			lastKnownFileType = sourcecode.cpp.cpp;
			lineEnding = 0;
			path = liqRibSubdivisionData.cpp;
			refType = 2;
			sourceTree = SOURCE_ROOT;
			tabWidth = 2;
		};
		1FC7A9F606A0016A00954BD2 = {
			fileEncoding = 30;
			indentWidth = 2;
			isa = PBXFileReference;
			lastKnownFileType = sourcecode.cpp.cpp;
			lineEnding = 0;
			path = liqRibSurfaceData.cpp;
			refType = 2;
			sourceTree = SOURCE_ROOT;
			tabWidth = 2;
		};
		1FC7A9F706A0016A00954BD2 = {
			fileEncoding = 30;
			indentWidth = 2;
			isa = PBXFileReference;
			lastKnownFileType = sourcecode.cpp.cpp;
			lineEnding = 0;
			path = liqRibTranslator.cpp;
			refType = 2;
			sourceTree = SOURCE_ROOT;
			tabWidth = 2;
		};
		1FC7A9F806A0016A00954BD2 = {
			fileEncoding = 30;
			indentWidth = 2;
			isa = PBXFileReference;
			lastKnownFileType = sourcecode.cpp.cpp;
			lineEnding = 0;
			path = liqShader.cpp;
			refType = 2;
			sourceTree = SOURCE_ROOT;
			tabWidth = 2;
		};
		1FC7A9F906A0016A00954BD2 = {
			fileEncoding = 30;
			indentWidth = 2;
			isa = PBXFileReference;
			lastKnownFileType = sourcecode.cpp.cpp;
			lineEnding = 0;
			path = liqTokenPointer.cpp;
			refType = 2;
			sourceTree = SOURCE_ROOT;
			tabWidth = 2;
		};
		1FC7A9FA06A0016A00954BD2 = {
			fileEncoding = 30;
			indentWidth = 2;
			isa = PBXFileReference;
			lastKnownFileType = sourcecode.cpp.cpp;
			lineEnding = 0;
			path = liquidPlug.cpp;
			refType = 2;
			sourceTree = SOURCE_ROOT;
			tabWidth = 2;
		};
		1FC7A9FB06A0016A00954BD2 = {
			fileEncoding = 30;
			indentWidth = 2;
			isa = PBXFileReference;
			lastKnownFileType = sourcecode.cpp.cpp;
			lineEnding = 0;
			path = liqWriteArchive.cpp;
			refType = 2;
			sourceTree = SOURCE_ROOT;
			tabWidth = 2;
		};
		1FC7AA2006A00A5C00954BD2 = {
			buildActionMask = 2147483647;
			files = (
				1FCCD050079F20B70069EDB7,
				1FCCD051079F20B70069EDB7,
				1FCCD052079F20B70069EDB7,
				1FCCD053079F20B70069EDB7,
				1FCCD054079F20B70069EDB7,
				1FCCD055079F20B70069EDB7,
				1FCCD056079F20B70069EDB7,
				1FCCD057079F20B70069EDB7,
				1FCCD058079F20B70069EDB7,
				1FCCD059079F20B70069EDB7,
				1FCCD05A079F20B70069EDB7,
				1FCCD05B079F20B70069EDB7,
				1FCCD05C079F20B70069EDB7,
				1FCCD05D079F20B70069EDB7,
				1FCCD05E079F20B70069EDB7,
				1FCCD05F079F20B70069EDB7,
				1FCCD060079F20B70069EDB7,
				1FCCD061079F20B70069EDB7,
				1FCCD062079F20B70069EDB7,
				1FCCD063079F20B70069EDB7,
				1FCCD064079F20B70069EDB7,
				1FCCD065079F20B70069EDB7,
				1FCCD066079F20B70069EDB7,
				1FCCD067079F20B70069EDB7,
				1FCCD068079F20B70069EDB7,
				1FCCD069079F20B70069EDB7,
				1FCCD06A079F20B70069EDB7,
				1FCCD06B079F20B70069EDB7,
				1FCCD06C079F20B70069EDB7,
				1FCCD06D079F20B70069EDB7,
				1FCCD06E079F20B70069EDB7,
				1FCCD06F079F20B70069EDB7,
				1FCCD070079F20B70069EDB7,
				1FCCD071079F20B70069EDB7,
				1FCCD072079F20B70069EDB7,
				1FCCD073079F20B70069EDB7,
			);
			isa = PBXHeadersBuildPhase;
			runOnlyForDeploymentPostprocessing = 0;
		};
		1FC7AA2106A00A5C00954BD2 = {
			buildActionMask = 2147483647;
			files = (
				1FC7AA2706A00AF600954BD2,
				1FC7AA2A06A00AF700954BD2,
				1FC7AA2B06A00AF700954BD2,
				1FC7AA2C06A00AF800954BD2,
				1FC7AA2E06A00AF900954BD2,
				1FC7AA3006A00AFB00954BD2,
				1FC7AA3106A00AFC00954BD2,
				1FC7AA3206A00AFC00954BD2,
				1FC7AA3306A00AFC00954BD2,
				1FC7AA3406A00AFE00954BD2,
				1FC7AA3506A00AFF00954BD2,
				1FC7AA3606A00B0000954BD2,
				1FC7AA3706A00B0000954BD2,
				1FC7AA3806A00B0000954BD2,
				1FC7AA3906A00B0100954BD2,
				1FC7AA3A06A00B0200954BD2,
				1FC7AA3B06A00B0300954BD2,
				1FC7AA3C06A00B0300954BD2,
				1FC7AA3D06A00B0300954BD2,
				1FC7AA3E06A00B0400954BD2,
				1FC7AA3F06A00B0400954BD2,
				1FC7AA4006A00B0500954BD2,
				1FC7AA4106A00B0500954BD2,
				1FC7AA4206A00B0500954BD2,
				1FC7AA4306A00B0600954BD2,
				1FC7AA4506A00B0700954BD2,
				1FF48EC6077A116B006AE147,
				1FD593F30794629900F9DE2C,
				1F592EA40864475700480658,
			);
			isa = PBXSourcesBuildPhase;
			runOnlyForDeploymentPostprocessing = 0;
		};
		1FC7AA2206A00A5C00954BD2 = {
			buildActionMask = 2147483647;
			files = (
				1FADF82107721B95007DC910,
			);
			isa = PBXFrameworksBuildPhase;
			runOnlyForDeploymentPostprocessing = 0;
		};
		1FC7AA2306A00A5C00954BD2 = {
			buildPhases = (
				1FC7AA2006A00A5C00954BD2,
				1FC7AA2106A00A5C00954BD2,
				1FC7AA2206A00A5C00954BD2,
				1FC7AA6206A02AFF00954BD2,
			);
			buildRules = (
				1F96851B086445620054B6CE,
				1F96851A0864455D0054B6CE,
			);
			buildSettings = {
				COPY_PHASE_STRIP = YES;
				DYLIB_COMPATIBILITY_VERSION = 1;
				DYLIB_CURRENT_VERSION = 1;
				GCC_PRECOMPILE_PREFIX_HEADER = YES;
				GCC_PREFIX_HEADER = "$(MAYA_LOCATION)../../devkit/include/maya/OpenMayaMac.h";
				GCC_PREPROCESSOR_DEFINITIONS = "OSX MAC_PLUGIN OSMac_ _BOOL OSMac_MachO_ PIXIE LIQUIDVERSION='\"1.6.7\"' REQUIRE_IOSTREAM=1";
				GCC_WARN_FOUR_CHARACTER_CONSTANTS = NO;
				GCC_WARN_UNKNOWN_PRAGMAS = NO;
				HEADER_SEARCH_PATHS = "../include/ $(MAYA_LOCATION)../../devkit/include $(PIXIEHOME)/include /Users/geohar/Desktop/pixie/Pixie.1.4.2/src/";
				INSTALL_PATH = ../bin/OSX/;
				LIBRARY_SEARCH_PATHS = "\"$(PIXIEHOME)/lib\" \"$(MAYA_LOCATION)/MacOS\" \"$(SYSTEM_APPS_DIR)/Graphics/Pixie/lib\"";
				LIBRARY_STYLE = DYNAMIC;
				MAYA_LOCATION = /Applications/Alias/maya6.5/Maya.app/Contents/;
				OTHER_CFLAGS = "";
				OTHER_LDFLAGS = "-framework Carbon -lFoundation -lOpenMaya -lOpenMayaRender -lOpenMayaUI -lOpenMayaAnim -lOpenMayaFX -lAnimSlice -lDeformSlice -lDynSlice -lKinSlice -lModelSlice -lNurbsSlice -lPolySlice -lProjectSlice -lImage  -lShared  -lTranslators -lDataModel -lRenderModel -lNurbsEngine -lDependEngine -lCommandEngine -lFoundation -lAppVersion -lUrchinSlice -lAG -lGeometryEngine -lNurbs -lAnimEngine -lPolyEngine -lDeformSlice -lPoly -lDependCommand -lExtensionLayer -l3dGraphics -lSharedUI -lBase -lIMF -lxpcom -lnspr4 -lplds4 -lHWRender -lHWFoundation -lHWGL -lManips -lModelUISlice -lplc4 -lSubdivEngine -lSubdiv -lImageUI -lSubdivGeom -Wl,-executable_path,\"$(MAYA_LOCATION)\"";
				OTHER_REZFLAGS = "";
				PIXIEHOME = /Applications/Graphics/Pixie;
				PREBINDING = YES;
				PRODUCT_NAME = liquid_pixie.lib;
				REZ_EXECUTABLE = YES;
				SECTORDER_FLAGS = "";
				WARNING_CFLAGS = "-Wmost";
			};
			dependencies = (
			);
			isa = PBXNativeTarget;
			name = "liquid-pixie";
			productName = liquid;
			productReference = 1FC7AA2406A00A5C00954BD2;
			productType = "com.apple.product-type.library.dynamic";
		};
		1FC7AA2406A00A5C00954BD2 = {
			explicitFileType = "compiled.mach-o.dylib";
			includeInIndex = 0;
			isa = PBXFileReference;
			path = liquid_pixie.lib.dylib;
			refType = 3;
			sourceTree = BUILT_PRODUCTS_DIR;
		};
		1FC7AA2706A00AF600954BD2 = {
			fileRef = 1FC7A9DD06A0016A00954BD2;
			isa = PBXBuildFile;
			settings = {
			};
		};
		1FC7AA2A06A00AF700954BD2 = {
			fileRef = 1FC7A9E006A0016A00954BD2;
			isa = PBXBuildFile;
			settings = {
			};
		};
		1FC7AA2B06A00AF700954BD2 = {
			fileRef = 1FC7A9E106A0016A00954BD2;
			isa = PBXBuildFile;
			settings = {
			};
		};
		1FC7AA2C06A00AF800954BD2 = {
			fileRef = 1FC7A9E306A0016A00954BD2;
			isa = PBXBuildFile;
			settings = {
			};
		};
		1FC7AA2E06A00AF900954BD2 = {
			fileRef = 1FC7A9E506A0016A00954BD2;
			isa = PBXBuildFile;
			settings = {
			};
		};
		1FC7AA3006A00AFB00954BD2 = {
			fileRef = 1FC7A9E206A0016A00954BD2;
			isa = PBXBuildFile;
			settings = {
			};
		};
		1FC7AA3106A00AFC00954BD2 = {
			fileRef = 1FC7A9E706A0016A00954BD2;
			isa = PBXBuildFile;
			settings = {
			};
		};
		1FC7AA3206A00AFC00954BD2 = {
			fileRef = 1FC7A9E806A0016A00954BD2;
			isa = PBXBuildFile;
			settings = {
			};
		};
		1FC7AA3306A00AFC00954BD2 = {
			fileRef = 1FC7A9E906A0016A00954BD2;
			isa = PBXBuildFile;
			settings = {
			};
		};
		1FC7AA3406A00AFE00954BD2 = {
			fileRef = 1FC7A9EA06A0016A00954BD2;
			isa = PBXBuildFile;
			settings = {
			};
		};
		1FC7AA3506A00AFF00954BD2 = {
			fileRef = 1FC7A9EB06A0016A00954BD2;
			isa = PBXBuildFile;
			settings = {
			};
		};
		1FC7AA3606A00B0000954BD2 = {
			fileRef = 1FC7A9EC06A0016A00954BD2;
			isa = PBXBuildFile;
			settings = {
			};
		};
		1FC7AA3706A00B0000954BD2 = {
			fileRef = 1FC7A9ED06A0016A00954BD2;
			isa = PBXBuildFile;
			settings = {
			};
		};
		1FC7AA3806A00B0000954BD2 = {
			fileRef = 1FC7A9EE06A0016A00954BD2;
			isa = PBXBuildFile;
			settings = {
			};
		};
		1FC7AA3906A00B0100954BD2 = {
			fileRef = 1FC7A9EF06A0016A00954BD2;
			isa = PBXBuildFile;
			settings = {
			};
		};
		1FC7AA3A06A00B0200954BD2 = {
			fileRef = 1FC7A9F006A0016A00954BD2;
			isa = PBXBuildFile;
			settings = {
			};
		};
		1FC7AA3B06A00B0300954BD2 = {
			fileRef = 1FC7A9F106A0016A00954BD2;
			isa = PBXBuildFile;
			settings = {
			};
		};
		1FC7AA3C06A00B0300954BD2 = {
			fileRef = 1FC7A9F206A0016A00954BD2;
			isa = PBXBuildFile;
			settings = {
			};
		};
		1FC7AA3D06A00B0300954BD2 = {
			fileRef = 1FC7A9F306A0016A00954BD2;
			isa = PBXBuildFile;
			settings = {
			};
		};
		1FC7AA3E06A00B0400954BD2 = {
			fileRef = 1FC7A9F406A0016A00954BD2;
			isa = PBXBuildFile;
			settings = {
			};
		};
		1FC7AA3F06A00B0400954BD2 = {
			fileRef = 1FC7A9F506A0016A00954BD2;
			isa = PBXBuildFile;
			settings = {
			};
		};
		1FC7AA4006A00B0500954BD2 = {
			fileRef = 1FC7A9F606A0016A00954BD2;
			isa = PBXBuildFile;
			settings = {
			};
		};
		1FC7AA4106A00B0500954BD2 = {
			fileRef = 1FC7A9F706A0016A00954BD2;
			isa = PBXBuildFile;
			settings = {
			};
		};
		1FC7AA4206A00B0500954BD2 = {
			fileRef = 1FC7A9F806A0016A00954BD2;
			isa = PBXBuildFile;
			settings = {
			};
		};
		1FC7AA4306A00B0600954BD2 = {
			fileRef = 1FC7A9F906A0016A00954BD2;
			isa = PBXBuildFile;
			settings = {
			};
		};
		1FC7AA4506A00B0700954BD2 = {
			fileRef = 1FC7A9FB06A0016A00954BD2;
			isa = PBXBuildFile;
			settings = {
			};
		};
		1FC7AA6206A02AFF00954BD2 = {
			buildActionMask = 2147483647;
			files = (
			);
			inputPaths = (
				"",
			);
			isa = PBXShellScriptBuildPhase;
			outputPaths = (
				liquid_pixie.lib,
			);
			runOnlyForDeploymentPostprocessing = 0;
			shellPath = /bin/sh;
			shellScript = "mkdir -p ../bin/OSX/\ncp build/liquid_pixie.lib.dylib ../bin/OSX/liquid_pixie.lib";
		};
		1FCCD02B079F209C0069EDB7 = {
			children = (
				1FCCD02C079F20B70069EDB7,
				1FCCD02D079F20B70069EDB7,
				1FCCD02E079F20B70069EDB7,
				1FCCD02F079F20B70069EDB7,
				1FCCD030079F20B70069EDB7,
				1FCCD031079F20B70069EDB7,
				1FCCD032079F20B70069EDB7,
				1FCCD033079F20B70069EDB7,
				1FCCD034079F20B70069EDB7,
				1FCCD035079F20B70069EDB7,
				1FCCD036079F20B70069EDB7,
				1FCCD037079F20B70069EDB7,
				1FCCD038079F20B70069EDB7,
				1FCCD039079F20B70069EDB7,
				1FCCD03A079F20B70069EDB7,
				1FCCD03B079F20B70069EDB7,
				1FCCD03C079F20B70069EDB7,
				1FCCD03D079F20B70069EDB7,
				1FCCD03E079F20B70069EDB7,
				1FCCD03F079F20B70069EDB7,
				1FCCD040079F20B70069EDB7,
				1FCCD041079F20B70069EDB7,
				1FCCD042079F20B70069EDB7,
				1FCCD043079F20B70069EDB7,
				1FCCD044079F20B70069EDB7,
				1FCCD045079F20B70069EDB7,
				1FCCD046079F20B70069EDB7,
				1FCCD047079F20B70069EDB7,
				1FCCD048079F20B70069EDB7,
				1FCCD049079F20B70069EDB7,
				1FCCD04A079F20B70069EDB7,
				1FCCD04B079F20B70069EDB7,
				1FCCD04C079F20B70069EDB7,
				1FCCD04D079F20B70069EDB7,
				1FCCD04E079F20B70069EDB7,
				1FCCD04F079F20B70069EDB7,
			);
			isa = PBXGroup;
			name = Headers;
			path = "";
			refType = 4;
			sourceTree = "<group>";
		};
		1FCCD02C079F20B70069EDB7 = {
			fileEncoding = 30;
			isa = PBXFileReference;
			lastKnownFileType = sourcecode.c.h;
			lineEnding = 0;
			name = liqAttachPrefAttribute.h;
			path = ../include/liqAttachPrefAttribute.h;
			refType = 2;
			sourceTree = SOURCE_ROOT;
		};
		1FCCD02D079F20B70069EDB7 = {
			fileEncoding = 30;
			isa = PBXFileReference;
			lastKnownFileType = sourcecode.c.h;
			lineEnding = 0;
			name = liqCustomNode.h;
			path = ../include/liqCustomNode.h;
			refType = 2;
			sourceTree = SOURCE_ROOT;
		};
		1FCCD02E079F20B70069EDB7 = {
			fileEncoding = 30;
			isa = PBXFileReference;
			lastKnownFileType = sourcecode.c.h;
			lineEnding = 0;
			name = liqExpression.h;
			path = ../include/liqExpression.h;
			refType = 2;
			sourceTree = SOURCE_ROOT;
		};
		1FCCD02F079F20B70069EDB7 = {
			fileEncoding = 30;
			isa = PBXFileReference;
			lastKnownFileType = sourcecode.c.h;
			lineEnding = 0;
			name = liqGetAttr.h;
			path = ../include/liqGetAttr.h;
			refType = 2;
			sourceTree = SOURCE_ROOT;
		};
		1FCCD030079F20B70069EDB7 = {
			fileEncoding = 30;
			isa = PBXFileReference;
			lastKnownFileType = sourcecode.c.h;
			lineEnding = 0;
			name = liqGetSloInfo.h;
			path = ../include/liqGetSloInfo.h;
			refType = 2;
			sourceTree = SOURCE_ROOT;
		};
		1FCCD031079F20B70069EDB7 = {
			fileEncoding = 30;
			isa = PBXFileReference;
			lastKnownFileType = sourcecode.c.h;
			lineEnding = 0;
			name = liqGlobalHelpers.h;
			path = ../include/liqGlobalHelpers.h;
			refType = 2;
			sourceTree = SOURCE_ROOT;
		};
		1FCCD032079F20B70069EDB7 = {
			fileEncoding = 30;
			isa = PBXFileReference;
			lastKnownFileType = sourcecode.c.h;
			lineEnding = 0;
			name = liqGlobals.h;
			path = ../include/liqGlobals.h;
			refType = 2;
			sourceTree = SOURCE_ROOT;
		};
		1FCCD033079F20B70069EDB7 = {
			fileEncoding = 30;
			isa = PBXFileReference;
			lastKnownFileType = sourcecode.c.h;
			lineEnding = 0;
			name = liqIOStream.h;
			path = ../include/liqIOStream.h;
			refType = 2;
			sourceTree = SOURCE_ROOT;
		};
		1FCCD034079F20B70069EDB7 = {
			fileEncoding = 30;
			isa = PBXFileReference;
			lastKnownFileType = sourcecode.c.h;
			lineEnding = 0;
			name = liqMemory.h;
			path = ../include/liqMemory.h;
			refType = 2;
			sourceTree = SOURCE_ROOT;
		};
		1FCCD035079F20B70069EDB7 = {
			fileEncoding = 30;
			isa = PBXFileReference;
			lastKnownFileType = sourcecode.c.h;
			lineEnding = 0;
			name = liqPreviewShader.h;
			path = ../include/liqPreviewShader.h;
			refType = 2;
			sourceTree = SOURCE_ROOT;
		};
		1FCCD036079F20B70069EDB7 = {
			fileEncoding = 30;
			isa = PBXFileReference;
			lastKnownFileType = sourcecode.c.h;
			lineEnding = 0;
			name = liqProcessLauncher.h;
			path = ../include/liqProcessLauncher.h;
			refType = 2;
			sourceTree = SOURCE_ROOT;
		};
		1FCCD037079F20B70069EDB7 = {
			fileEncoding = 30;
			isa = PBXFileReference;
			lastKnownFileType = sourcecode.c.h;
			lineEnding = 0;
			name = liqRenderer.h;
			path = ../include/liqRenderer.h;
			refType = 2;
			sourceTree = SOURCE_ROOT;
		};
		1FCCD038079F20B70069EDB7 = {
			fileEncoding = 30;
			isa = PBXFileReference;
			lastKnownFileType = sourcecode.c.h;
			lineEnding = 0;
			name = liqRenderScript.h;
			path = ../include/liqRenderScript.h;
			refType = 2;
			sourceTree = SOURCE_ROOT;
		};
		1FCCD039079F20B70069EDB7 = {
			fileEncoding = 30;
			isa = PBXFileReference;
			lastKnownFileType = sourcecode.c.h;
			lineEnding = 0;
			name = liqRibBakeSubdivisionData.h;
			path = ../include/liqRibBakeSubdivisionData.h;
			refType = 2;
			sourceTree = SOURCE_ROOT;
		};
		1FCCD03A079F20B70069EDB7 = {
			fileEncoding = 30;
			isa = PBXFileReference;
			lastKnownFileType = sourcecode.c.h;
			lineEnding = 0;
			name = liqRibCoordData.h;
			path = ../include/liqRibCoordData.h;
			refType = 2;
			sourceTree = SOURCE_ROOT;
		};
		1FCCD03B079F20B70069EDB7 = {
			fileEncoding = 30;
			isa = PBXFileReference;
			lastKnownFileType = sourcecode.c.h;
			lineEnding = 0;
			name = liqRibCustomNode.h;
			path = ../include/liqRibCustomNode.h;
			refType = 2;
			sourceTree = SOURCE_ROOT;
		};
		1FCCD03C079F20B70069EDB7 = {
			fileEncoding = 30;
			isa = PBXFileReference;
			lastKnownFileType = sourcecode.c.h;
			lineEnding = 0;
			name = liqRibData.h;
			path = ../include/liqRibData.h;
			refType = 2;
			sourceTree = SOURCE_ROOT;
		};
		1FCCD03D079F20B70069EDB7 = {
			fileEncoding = 30;
			isa = PBXFileReference;
			lastKnownFileType = sourcecode.c.h;
			lineEnding = 0;
			name = liqRibGen.h;
			path = ../include/liqRibGen.h;
			refType = 2;
			sourceTree = SOURCE_ROOT;
		};
		1FCCD03E079F20B70069EDB7 = {
			fileEncoding = 30;
			isa = PBXFileReference;
			lastKnownFileType = sourcecode.c.h;
			lineEnding = 0;
			name = liqRibGenData.h;
			path = ../include/liqRibGenData.h;
			refType = 2;
			sourceTree = SOURCE_ROOT;
		};
		1FCCD03F079F20B70069EDB7 = {
			fileEncoding = 30;
			isa = PBXFileReference;
			lastKnownFileType = sourcecode.c.h;
			lineEnding = 0;
			name = liqRibHT.h;
			path = ../include/liqRibHT.h;
			refType = 2;
			sourceTree = SOURCE_ROOT;
		};
		1FCCD040079F20B70069EDB7 = {
			fileEncoding = 30;
			isa = PBXFileReference;
			lastKnownFileType = sourcecode.c.h;
			lineEnding = 0;
			name = liqRibLightData.h;
			path = ../include/liqRibLightData.h;
			refType = 2;
			sourceTree = SOURCE_ROOT;
		};
		1FCCD041079F20B70069EDB7 = {
			fileEncoding = 30;
			isa = PBXFileReference;
			lastKnownFileType = sourcecode.c.h;
			lineEnding = 0;
			name = liqRibLocatorData.h;
			path = ../include/liqRibLocatorData.h;
			refType = 2;
			sourceTree = SOURCE_ROOT;
		};
		1FCCD042079F20B70069EDB7 = {
			fileEncoding = 30;
			isa = PBXFileReference;
			lastKnownFileType = sourcecode.c.h;
			lineEnding = 0;
			name = liqRibMayaSubdivisionData.h;
			path = ../include/liqRibMayaSubdivisionData.h;
			refType = 2;
			sourceTree = SOURCE_ROOT;
		};
		1FCCD043079F20B70069EDB7 = {
			fileEncoding = 30;
			isa = PBXFileReference;
			lastKnownFileType = sourcecode.c.h;
			lineEnding = 0;
			name = liqRibMeshData.h;
			path = ../include/liqRibMeshData.h;
			refType = 2;
			sourceTree = SOURCE_ROOT;
		};
		1FCCD044079F20B70069EDB7 = {
			fileEncoding = 30;
			isa = PBXFileReference;
			lastKnownFileType = sourcecode.c.h;
			lineEnding = 0;
			name = liqRibNode.h;
			path = ../include/liqRibNode.h;
			refType = 2;
			sourceTree = SOURCE_ROOT;
		};
		1FCCD045079F20B70069EDB7 = {
			fileEncoding = 30;
			isa = PBXFileReference;
			lastKnownFileType = sourcecode.c.h;
			lineEnding = 0;
			name = liqRibNuCurveData.h;
			path = ../include/liqRibNuCurveData.h;
			refType = 2;
			sourceTree = SOURCE_ROOT;
		};
		1FCCD046079F20B70069EDB7 = {
			fileEncoding = 30;
			isa = PBXFileReference;
			lastKnownFileType = sourcecode.c.h;
			lineEnding = 0;
			name = liqRibObj.h;
			path = ../include/liqRibObj.h;
			refType = 2;
			sourceTree = SOURCE_ROOT;
		};
		1FCCD047079F20B70069EDB7 = {
			fileEncoding = 30;
			isa = PBXFileReference;
			lastKnownFileType = sourcecode.c.h;
			lineEnding = 0;
			name = liqRibParticleData.h;
			path = ../include/liqRibParticleData.h;
			refType = 2;
			sourceTree = SOURCE_ROOT;
		};
		1FCCD048079F20B70069EDB7 = {
			fileEncoding = 30;
			isa = PBXFileReference;
			lastKnownFileType = sourcecode.c.h;
			lineEnding = 0;
			name = liqRibStatus.h;
			path = ../include/liqRibStatus.h;
			refType = 2;
			sourceTree = SOURCE_ROOT;
		};
		1FCCD049079F20B70069EDB7 = {
			fileEncoding = 30;
			isa = PBXFileReference;
			lastKnownFileType = sourcecode.c.h;
			lineEnding = 0;
			name = liqRibSubdivisionData.h;
			path = ../include/liqRibSubdivisionData.h;
			refType = 2;
			sourceTree = SOURCE_ROOT;
		};
		1FCCD04A079F20B70069EDB7 = {
			fileEncoding = 30;
			isa = PBXFileReference;
			lastKnownFileType = sourcecode.c.h;
			lineEnding = 0;
			name = liqRibSurfaceData.h;
			path = ../include/liqRibSurfaceData.h;
			refType = 2;
			sourceTree = SOURCE_ROOT;
		};
		1FCCD04B079F20B70069EDB7 = {
			fileEncoding = 30;
			isa = PBXFileReference;
			lastKnownFileType = sourcecode.c.h;
			lineEnding = 0;
			name = liqRibTranslator.h;
			path = ../include/liqRibTranslator.h;
			refType = 2;
			sourceTree = SOURCE_ROOT;
		};
		1FCCD04C079F20B70069EDB7 = {
			fileEncoding = 30;
			isa = PBXFileReference;
			lastKnownFileType = sourcecode.c.h;
			lineEnding = 0;
			name = liqShader.h;
			path = ../include/liqShader.h;
			refType = 2;
			sourceTree = SOURCE_ROOT;
		};
		1FCCD04D079F20B70069EDB7 = {
			fileEncoding = 30;
			isa = PBXFileReference;
			lastKnownFileType = sourcecode.c.h;
			lineEnding = 0;
			name = liqTokenPointer.h;
			path = ../include/liqTokenPointer.h;
			refType = 2;
			sourceTree = SOURCE_ROOT;
		};
		1FCCD04E079F20B70069EDB7 = {
			fileEncoding = 30;
			isa = PBXFileReference;
			lastKnownFileType = sourcecode.c.h;
			lineEnding = 0;
			name = liquid.h;
			path = ../include/liquid.h;
			refType = 2;
			sourceTree = SOURCE_ROOT;
		};
		1FCCD04F079F20B70069EDB7 = {
			fileEncoding = 30;
			isa = PBXFileReference;
			lastKnownFileType = sourcecode.c.h;
			lineEnding = 0;
			name = liqWriteArchive.h;
			path = ../include/liqWriteArchive.h;
			refType = 2;
			sourceTree = SOURCE_ROOT;
		};
		1FCCD050079F20B70069EDB7 = {
			fileRef = 1FCCD02C079F20B70069EDB7;
			isa = PBXBuildFile;
			settings = {
			};
		};
		1FCCD051079F20B70069EDB7 = {
			fileRef = 1FCCD02D079F20B70069EDB7;
			isa = PBXBuildFile;
			settings = {
			};
		};
		1FCCD052079F20B70069EDB7 = {
			fileRef = 1FCCD02E079F20B70069EDB7;
			isa = PBXBuildFile;
			settings = {
			};
		};
		1FCCD053079F20B70069EDB7 = {
			fileRef = 1FCCD02F079F20B70069EDB7;
			isa = PBXBuildFile;
			settings = {
			};
		};
		1FCCD054079F20B70069EDB7 = {
			fileRef = 1FCCD030079F20B70069EDB7;
			isa = PBXBuildFile;
			settings = {
			};
		};
		1FCCD055079F20B70069EDB7 = {
			fileRef = 1FCCD031079F20B70069EDB7;
			isa = PBXBuildFile;
			settings = {
			};
		};
		1FCCD056079F20B70069EDB7 = {
			fileRef = 1FCCD032079F20B70069EDB7;
			isa = PBXBuildFile;
			settings = {
			};
		};
		1FCCD057079F20B70069EDB7 = {
			fileRef = 1FCCD033079F20B70069EDB7;
			isa = PBXBuildFile;
			settings = {
			};
		};
		1FCCD058079F20B70069EDB7 = {
			fileRef = 1FCCD034079F20B70069EDB7;
			isa = PBXBuildFile;
			settings = {
			};
		};
		1FCCD059079F20B70069EDB7 = {
			fileRef = 1FCCD035079F20B70069EDB7;
			isa = PBXBuildFile;
			settings = {
			};
		};
		1FCCD05A079F20B70069EDB7 = {
			fileRef = 1FCCD036079F20B70069EDB7;
			isa = PBXBuildFile;
			settings = {
			};
		};
		1FCCD05B079F20B70069EDB7 = {
			fileRef = 1FCCD037079F20B70069EDB7;
			isa = PBXBuildFile;
			settings = {
			};
		};
		1FCCD05C079F20B70069EDB7 = {
			fileRef = 1FCCD038079F20B70069EDB7;
			isa = PBXBuildFile;
			settings = {
			};
		};
		1FCCD05D079F20B70069EDB7 = {
			fileRef = 1FCCD039079F20B70069EDB7;
			isa = PBXBuildFile;
			settings = {
			};
		};
		1FCCD05E079F20B70069EDB7 = {
			fileRef = 1FCCD03A079F20B70069EDB7;
			isa = PBXBuildFile;
			settings = {
			};
		};
		1FCCD05F079F20B70069EDB7 = {
			fileRef = 1FCCD03B079F20B70069EDB7;
			isa = PBXBuildFile;
			settings = {
			};
		};
		1FCCD060079F20B70069EDB7 = {
			fileRef = 1FCCD03C079F20B70069EDB7;
			isa = PBXBuildFile;
			settings = {
			};
		};
		1FCCD061079F20B70069EDB7 = {
			fileRef = 1FCCD03D079F20B70069EDB7;
			isa = PBXBuildFile;
			settings = {
			};
		};
		1FCCD062079F20B70069EDB7 = {
			fileRef = 1FCCD03E079F20B70069EDB7;
			isa = PBXBuildFile;
			settings = {
			};
		};
		1FCCD063079F20B70069EDB7 = {
			fileRef = 1FCCD03F079F20B70069EDB7;
			isa = PBXBuildFile;
			settings = {
			};
		};
		1FCCD064079F20B70069EDB7 = {
			fileRef = 1FCCD040079F20B70069EDB7;
			isa = PBXBuildFile;
			settings = {
			};
		};
		1FCCD065079F20B70069EDB7 = {
			fileRef = 1FCCD041079F20B70069EDB7;
			isa = PBXBuildFile;
			settings = {
			};
		};
		1FCCD066079F20B70069EDB7 = {
			fileRef = 1FCCD042079F20B70069EDB7;
			isa = PBXBuildFile;
			settings = {
			};
		};
		1FCCD067079F20B70069EDB7 = {
			fileRef = 1FCCD043079F20B70069EDB7;
			isa = PBXBuildFile;
			settings = {
			};
		};
		1FCCD068079F20B70069EDB7 = {
			fileRef = 1FCCD044079F20B70069EDB7;
			isa = PBXBuildFile;
			settings = {
			};
		};
		1FCCD069079F20B70069EDB7 = {
			fileRef = 1FCCD045079F20B70069EDB7;
			isa = PBXBuildFile;
			settings = {
			};
		};
		1FCCD06A079F20B70069EDB7 = {
			fileRef = 1FCCD046079F20B70069EDB7;
			isa = PBXBuildFile;
			settings = {
			};
		};
		1FCCD06B079F20B70069EDB7 = {
			fileRef = 1FCCD047079F20B70069EDB7;
			isa = PBXBuildFile;
			settings = {
			};
		};
		1FCCD06C079F20B70069EDB7 = {
			fileRef = 1FCCD048079F20B70069EDB7;
			isa = PBXBuildFile;
			settings = {
			};
		};
		1FCCD06D079F20B70069EDB7 = {
			fileRef = 1FCCD049079F20B70069EDB7;
			isa = PBXBuildFile;
			settings = {
			};
		};
		1FCCD06E079F20B70069EDB7 = {
			fileRef = 1FCCD04A079F20B70069EDB7;
			isa = PBXBuildFile;
			settings = {
			};
		};
		1FCCD06F079F20B70069EDB7 = {
			fileRef = 1FCCD04B079F20B70069EDB7;
			isa = PBXBuildFile;
			settings = {
			};
		};
		1FCCD070079F20B70069EDB7 = {
			fileRef = 1FCCD04C079F20B70069EDB7;
			isa = PBXBuildFile;
			settings = {
			};
		};
		1FCCD071079F20B70069EDB7 = {
			fileRef = 1FCCD04D079F20B70069EDB7;
			isa = PBXBuildFile;
			settings = {
			};
		};
		1FCCD072079F20B70069EDB7 = {
			fileRef = 1FCCD04E079F20B70069EDB7;
			isa = PBXBuildFile;
			settings = {
			};
		};
		1FCCD073079F20B70069EDB7 = {
			fileRef = 1FCCD04F079F20B70069EDB7;
			isa = PBXBuildFile;
			settings = {
			};
		};
		1FCCD074079F20B70069EDB7 = {
			fileRef = 1FCCD02C079F20B70069EDB7;
			isa = PBXBuildFile;
			settings = {
			};
		};
		1FCCD075079F20B70069EDB7 = {
			fileRef = 1FCCD02D079F20B70069EDB7;
			isa = PBXBuildFile;
			settings = {
			};
		};
		1FCCD076079F20B70069EDB7 = {
			fileRef = 1FCCD02E079F20B70069EDB7;
			isa = PBXBuildFile;
			settings = {
			};
		};
		1FCCD077079F20B70069EDB7 = {
			fileRef = 1FCCD02F079F20B70069EDB7;
			isa = PBXBuildFile;
			settings = {
			};
		};
		1FCCD078079F20B70069EDB7 = {
			fileRef = 1FCCD030079F20B70069EDB7;
			isa = PBXBuildFile;
			settings = {
			};
		};
		1FCCD079079F20B70069EDB7 = {
			fileRef = 1FCCD031079F20B70069EDB7;
			isa = PBXBuildFile;
			settings = {
			};
		};
		1FCCD07A079F20B70069EDB7 = {
			fileRef = 1FCCD032079F20B70069EDB7;
			isa = PBXBuildFile;
			settings = {
			};
		};
		1FCCD07B079F20B70069EDB7 = {
			fileRef = 1FCCD033079F20B70069EDB7;
			isa = PBXBuildFile;
			settings = {
			};
		};
		1FCCD07C079F20B70069EDB7 = {
			fileRef = 1FCCD034079F20B70069EDB7;
			isa = PBXBuildFile;
			settings = {
			};
		};
		1FCCD07D079F20B70069EDB7 = {
			fileRef = 1FCCD035079F20B70069EDB7;
			isa = PBXBuildFile;
			settings = {
			};
		};
		1FCCD07E079F20B70069EDB7 = {
			fileRef = 1FCCD036079F20B70069EDB7;
			isa = PBXBuildFile;
			settings = {
			};
		};
		1FCCD07F079F20B70069EDB7 = {
			fileRef = 1FCCD037079F20B70069EDB7;
			isa = PBXBuildFile;
			settings = {
			};
		};
		1FCCD080079F20B70069EDB7 = {
			fileRef = 1FCCD038079F20B70069EDB7;
			isa = PBXBuildFile;
			settings = {
			};
		};
		1FCCD081079F20B70069EDB7 = {
			fileRef = 1FCCD039079F20B70069EDB7;
			isa = PBXBuildFile;
			settings = {
			};
		};
		1FCCD082079F20B70069EDB7 = {
			fileRef = 1FCCD03A079F20B70069EDB7;
			isa = PBXBuildFile;
			settings = {
			};
		};
		1FCCD083079F20B70069EDB7 = {
			fileRef = 1FCCD03B079F20B70069EDB7;
			isa = PBXBuildFile;
			settings = {
			};
		};
		1FCCD084079F20B70069EDB7 = {
			fileRef = 1FCCD03C079F20B70069EDB7;
			isa = PBXBuildFile;
			settings = {
			};
		};
		1FCCD085079F20B70069EDB7 = {
			fileRef = 1FCCD03D079F20B70069EDB7;
			isa = PBXBuildFile;
			settings = {
			};
		};
		1FCCD086079F20B70069EDB7 = {
			fileRef = 1FCCD03E079F20B70069EDB7;
			isa = PBXBuildFile;
			settings = {
			};
		};
		1FCCD087079F20B70069EDB7 = {
			fileRef = 1FCCD03F079F20B70069EDB7;
			isa = PBXBuildFile;
			settings = {
			};
		};
		1FCCD088079F20B70069EDB7 = {
			fileRef = 1FCCD040079F20B70069EDB7;
			isa = PBXBuildFile;
			settings = {
			};
		};
		1FCCD089079F20B70069EDB7 = {
			fileRef = 1FCCD041079F20B70069EDB7;
			isa = PBXBuildFile;
			settings = {
			};
		};
		1FCCD08A079F20B70069EDB7 = {
			fileRef = 1FCCD042079F20B70069EDB7;
			isa = PBXBuildFile;
			settings = {
			};
		};
		1FCCD08B079F20B70069EDB7 = {
			fileRef = 1FCCD043079F20B70069EDB7;
			isa = PBXBuildFile;
			settings = {
			};
		};
		1FCCD08C079F20B70069EDB7 = {
			fileRef = 1FCCD044079F20B70069EDB7;
			isa = PBXBuildFile;
			settings = {
			};
		};
		1FCCD08D079F20B70069EDB7 = {
			fileRef = 1FCCD045079F20B70069EDB7;
			isa = PBXBuildFile;
			settings = {
			};
		};
		1FCCD08E079F20B70069EDB7 = {
			fileRef = 1FCCD046079F20B70069EDB7;
			isa = PBXBuildFile;
			settings = {
			};
		};
		1FCCD08F079F20B70069EDB7 = {
			fileRef = 1FCCD047079F20B70069EDB7;
			isa = PBXBuildFile;
			settings = {
			};
		};
		1FCCD090079F20B70069EDB7 = {
			fileRef = 1FCCD048079F20B70069EDB7;
			isa = PBXBuildFile;
			settings = {
			};
		};
		1FCCD091079F20B70069EDB7 = {
			fileRef = 1FCCD049079F20B70069EDB7;
			isa = PBXBuildFile;
			settings = {
			};
		};
		1FCCD092079F20B70069EDB7 = {
			fileRef = 1FCCD04A079F20B70069EDB7;
			isa = PBXBuildFile;
			settings = {
			};
		};
		1FCCD093079F20B70069EDB7 = {
			fileRef = 1FCCD04B079F20B70069EDB7;
			isa = PBXBuildFile;
			settings = {
			};
		};
		1FCCD094079F20B70069EDB7 = {
			fileRef = 1FCCD04C079F20B70069EDB7;
			isa = PBXBuildFile;
			settings = {
			};
		};
		1FCCD095079F20B70069EDB7 = {
			fileRef = 1FCCD04D079F20B70069EDB7;
			isa = PBXBuildFile;
			settings = {
			};
		};
		1FCCD096079F20B70069EDB7 = {
			fileRef = 1FCCD04E079F20B70069EDB7;
			isa = PBXBuildFile;
			settings = {
			};
		};
		1FCCD097079F20B70069EDB7 = {
			fileRef = 1FCCD04F079F20B70069EDB7;
			isa = PBXBuildFile;
			settings = {
			};
		};
		1FD593F20794629900F9DE2C = {
			fileEncoding = 30;
			indentWidth = 2;
			isa = PBXFileReference;
			lastKnownFileType = sourcecode.cpp.cpp;
			lineEnding = 0;
			path = liqExpression.cpp;
			refType = 4;
			sourceTree = "<group>";
			tabWidth = 2;
		};
		1FD593F30794629900F9DE2C = {
			fileRef = 1FD593F20794629900F9DE2C;
			isa = PBXBuildFile;
			settings = {
			};
		};
		1FD593F40794629900F9DE2C = {
			fileRef = 1FD593F20794629900F9DE2C;
			isa = PBXBuildFile;
			settings = {
			};
		};
		1FDCD16C078A094000E62CC1 = {
			isa = PBXFileReference;
			lastKnownFileType = "compiled.mach-o.dylib";
			name = libshaderexecenv.dylib;
			path = /Applications/Graphics/MacAqsis.0.9.1/lib/libshaderexecenv.0.dylib;
			refType = 0;
			sourceTree = "<absolute>";
		};
		1FDCD16D078A094000E62CC1 = {
			fileRef = 1FDCD16C078A094000E62CC1;
			isa = PBXBuildFile;
			settings = {
			};
		};
		1FF48EC5077A116B006AE147 = {
			fileEncoding = 30;
			isa = PBXFileReference;
			lastKnownFileType = sourcecode.cpp.cpp;
			name = sdr.cpp;
			path = /Users/geohar/Desktop/pixie/Pixie.1.4.2/src/sdr/sdr.cpp;
			refType = 0;
			sourceTree = "<absolute>";
		};
		1FF48EC6077A116B006AE147 = {
			fileRef = 1FF48EC5077A116B006AE147;
			isa = PBXBuildFile;
			settings = {
			};
		};
//1F0
//1F1
//1F2
//1F3
//1F4
//C60
//C61
//C62
//C63
//C64
		C6859E8B029090EE04C91782 = {
			isa = PBXFileReference;
			lastKnownFileType = text.man;
			path = liquidMaya.1;
			refType = 4;
			sourceTree = "<group>";
		};
		C6859E8C029090F304C91782 = {
			children = (
				C6859E8B029090EE04C91782,
			);
			isa = PBXGroup;
			name = Documentation;
			refType = 4;
			sourceTree = "<group>";
		};
	};
	rootObject = 08FB7793FE84155DC02AAC07;
}
